{
  "pins" : [
    {
      "identity" : "ios-snapshot-test-case",
      "kind" : "remoteSourceControl",
      "location" : "https://github.com/uber/ios-snapshot-test-case",
      "state" : {
        "revision" : "7b10770333a961be6e5a41c9ce04b8c6d3990126",
        "version" : "8.0.0"
      }
    },
    {
      "identity" : "swift-log",
      "kind" : "remoteSourceControl",
      "location" : "https://github.com/apple/swift-log",
      "state" : {
        "branch" : "main",
        "revision" : "ebb05e0317c7874f73b25133f4abd712be9c0dfb"
      }
    }
  ],
  "version" : 2
}
