// !$*UTF8*$!
{
	archiveVersion = 1;
	classes = {
	};
	objectVersion = 56;
	objects = {

/* Begin PBXBuildFile section */
		272A22F82BB06A750025880E /* MapView.swift in Sources */ = {isa = PBXBuildFile; fileRef = 272A22F72BB06A750025880E /* MapView.swift */; };
		272A22FB2BB1A3380025880E /* HomeState.swift in Sources */ = {isa = PBXBuildFile; fileRef = 272A22FA2BB1A3380025880E /* HomeState.swift */; };
		272A22FE2BB1AABE0025880E /* BuildingsState.swift in Sources */ = {isa = PBXBuildFile; fileRef = 272A22FD2BB1AABE0025880E /* BuildingsState.swift */; };
		272B51F62B9C4FD8008F428E /* ProfileViewController.swift in Sources */ = {isa = PBXBuildFile; fileRef = 272B51F52B9C4FD8008F428E /* ProfileViewController.swift */; };
		272B51F82B9C5006008F428E /* ProfileInteractor.swift in Sources */ = {isa = PBXBuildFile; fileRef = 272B51F72B9C5006008F428E /* ProfileInteractor.swift */; };
		272B51FA2B9C5021008F428E /* ProfileWorker.swift in Sources */ = {isa = PBXBuildFile; fileRef = 272B51F92B9C5021008F428E /* ProfileWorker.swift */; };
		272B51FC2B9C503D008F428E /* ProfilePresenter.swift in Sources */ = {isa = PBXBuildFile; fileRef = 272B51FB2B9C503D008F428E /* ProfilePresenter.swift */; };
		272B51FE2B9C5055008F428E /* ProfileModel.swift in Sources */ = {isa = PBXBuildFile; fileRef = 272B51FD2B9C5055008F428E /* ProfileModel.swift */; };
		272B52002B9C5086008F428E /* ProfileRouter.swift in Sources */ = {isa = PBXBuildFile; fileRef = 272B51FF2B9C5086008F428E /* ProfileRouter.swift */; };
		272B52022B9C5099008F428E /* ProfileProtocols.swift in Sources */ = {isa = PBXBuildFile; fileRef = 272B52012B9C5099008F428E /* ProfileProtocols.swift */; };
		272B52042B9C50AD008F428E /* ProfileAssembly.swift in Sources */ = {isa = PBXBuildFile; fileRef = 272B52032B9C50AD008F428E /* ProfileAssembly.swift */; };
		272B52072B9C5127008F428E /* MoreViewController.swift in Sources */ = {isa = PBXBuildFile; fileRef = 272B52062B9C5127008F428E /* MoreViewController.swift */; };
		272B52092B9C513F008F428E /* MoreInteractor.swift in Sources */ = {isa = PBXBuildFile; fileRef = 272B52082B9C513F008F428E /* MoreInteractor.swift */; };
		272B520B2B9C5150008F428E /* MoreWorker.swift in Sources */ = {isa = PBXBuildFile; fileRef = 272B520A2B9C5150008F428E /* MoreWorker.swift */; };
		272B520D2B9C5162008F428E /* MorePresenter.swift in Sources */ = {isa = PBXBuildFile; fileRef = 272B520C2B9C5162008F428E /* MorePresenter.swift */; };
		272B520F2B9C517A008F428E /* MoreModel.swift in Sources */ = {isa = PBXBuildFile; fileRef = 272B520E2B9C517A008F428E /* MoreModel.swift */; };
		272B52112B9C518C008F428E /* MoreRouter.swift in Sources */ = {isa = PBXBuildFile; fileRef = 272B52102B9C518C008F428E /* MoreRouter.swift */; };
		272B52132B9C51A6008F428E /* MoreProtocols.swift in Sources */ = {isa = PBXBuildFile; fileRef = 272B52122B9C51A6008F428E /* MoreProtocols.swift */; };
		272B52152B9C51B9008F428E /* MoreAssembly.swift in Sources */ = {isa = PBXBuildFile; fileRef = 272B52142B9C51B9008F428E /* MoreAssembly.swift */; };
		272B52182B9C539B008F428E /* MapViewController.swift in Sources */ = {isa = PBXBuildFile; fileRef = 272B52172B9C539B008F428E /* MapViewController.swift */; };
		272B521A2B9C53C5008F428E /* MapInteractor.swift in Sources */ = {isa = PBXBuildFile; fileRef = 272B52192B9C53C5008F428E /* MapInteractor.swift */; };
		272B521C2B9C53D9008F428E /* MapWorker.swift in Sources */ = {isa = PBXBuildFile; fileRef = 272B521B2B9C53D9008F428E /* MapWorker.swift */; };
		272B521E2B9C5408008F428E /* MapPresenter.swift in Sources */ = {isa = PBXBuildFile; fileRef = 272B521D2B9C5408008F428E /* MapPresenter.swift */; };
		272B52202B9C5418008F428E /* MapModel.swift in Sources */ = {isa = PBXBuildFile; fileRef = 272B521F2B9C5418008F428E /* MapModel.swift */; };
		272B52222B9C542A008F428E /* MapRouter.swift in Sources */ = {isa = PBXBuildFile; fileRef = 272B52212B9C542A008F428E /* MapRouter.swift */; };
		272B52242B9C5440008F428E /* MapProtocols.swift in Sources */ = {isa = PBXBuildFile; fileRef = 272B52232B9C5440008F428E /* MapProtocols.swift */; };
		272B52262B9C5454008F428E /* MapAssembly.swift in Sources */ = {isa = PBXBuildFile; fileRef = 272B52252B9C5454008F428E /* MapAssembly.swift */; };
		273C90AA2B7BCCB000C73FE8 /* AppDelegate.swift in Sources */ = {isa = PBXBuildFile; fileRef = 273C90A92B7BCCB000C73FE8 /* AppDelegate.swift */; };
		273C90AC2B7BCCB000C73FE8 /* SceneDelegate.swift in Sources */ = {isa = PBXBuildFile; fileRef = 273C90AB2B7BCCB000C73FE8 /* SceneDelegate.swift */; };
		273C90B32B7BCCB200C73FE8 /* Assets.xcassets in Resources */ = {isa = PBXBuildFile; fileRef = 273C90B22B7BCCB200C73FE8 /* Assets.xcassets */; };
		273C90B62B7BCCB200C73FE8 /* LaunchScreen.storyboard in Resources */ = {isa = PBXBuildFile; fileRef = 273C90B42B7BCCB200C73FE8 /* LaunchScreen.storyboard */; };
		273C90C52B7BD19900C73FE8 /* UIView+pin.swift in Sources */ = {isa = PBXBuildFile; fileRef = 273C90C42B7BD19900C73FE8 /* UIView+pin.swift */; };
		273E65D82B848A9500567BD8 /* EndPointType.swift in Sources */ = {isa = PBXBuildFile; fileRef = 273E65D72B848A9500567BD8 /* EndPointType.swift */; };
		273E65DA2B848B2E00567BD8 /* HTTPMethod.swift in Sources */ = {isa = PBXBuildFile; fileRef = 273E65D92B848B2D00567BD8 /* HTTPMethod.swift */; };
		273E65DC2B848B8300567BD8 /* HTTPTask.swift in Sources */ = {isa = PBXBuildFile; fileRef = 273E65DB2B848B8300567BD8 /* HTTPTask.swift */; };
		273E65DE2B848C5C00567BD8 /* ParameterEncoding.swift in Sources */ = {isa = PBXBuildFile; fileRef = 273E65DD2B848C5C00567BD8 /* ParameterEncoding.swift */; };
		273E65E02B848D6100567BD8 /* URLParameterEncoder.swift in Sources */ = {isa = PBXBuildFile; fileRef = 273E65DF2B848D6100567BD8 /* URLParameterEncoder.swift */; };
		273E65E22B848F7E00567BD8 /* JSONParameterEncoder.swift in Sources */ = {isa = PBXBuildFile; fileRef = 273E65E12B848F7E00567BD8 /* JSONParameterEncoder.swift */; };
		273E65E42B84900800567BD8 /* NetworkRouter.swift in Sources */ = {isa = PBXBuildFile; fileRef = 273E65E32B84900800567BD8 /* NetworkRouter.swift */; };
		273E65E62B8490F500567BD8 /* Router.swift in Sources */ = {isa = PBXBuildFile; fileRef = 273E65E52B8490F500567BD8 /* Router.swift */; };
		273E65E82B84969F00567BD8 /* CarsEndPoint.swift in Sources */ = {isa = PBXBuildFile; fileRef = 273E65E72B84969F00567BD8 /* CarsEndPoint.swift */; };
		273E65EB2B8499FE00567BD8 /* CarsModel.swift in Sources */ = {isa = PBXBuildFile; fileRef = 273E65EA2B8499FE00567BD8 /* CarsModel.swift */; };
		273E65ED2B849CBB00567BD8 /* NetworkManager.swift in Sources */ = {isa = PBXBuildFile; fileRef = 273E65EC2B849CBB00567BD8 /* NetworkManager.swift */; };
		273E65F12B86449B00567BD8 /* AuthEndPoint.swift in Sources */ = {isa = PBXBuildFile; fileRef = 273E65F02B86449A00567BD8 /* AuthEndPoint.swift */; };
		273E65F32B86502600567BD8 /* AuthModel.swift in Sources */ = {isa = PBXBuildFile; fileRef = 273E65F22B86502600567BD8 /* AuthModel.swift */; };
		273E65FC2B88C14800567BD8 /* KeychainManager.swift in Sources */ = {isa = PBXBuildFile; fileRef = 273E65FB2B88C14800567BD8 /* KeychainManager.swift */; };
		273E65FF2B88E94900567BD8 /* SplashViewController.swift in Sources */ = {isa = PBXBuildFile; fileRef = 273E65FE2B88E94900567BD8 /* SplashViewController.swift */; };
		273E66012B88E95500567BD8 /* SplashInteractor.swift in Sources */ = {isa = PBXBuildFile; fileRef = 273E66002B88E95500567BD8 /* SplashInteractor.swift */; };
		273E66032B88E95E00567BD8 /* SplashPresenter.swift in Sources */ = {isa = PBXBuildFile; fileRef = 273E66022B88E95E00567BD8 /* SplashPresenter.swift */; };
		273E66052B88E96800567BD8 /* SplashModel.swift in Sources */ = {isa = PBXBuildFile; fileRef = 273E66042B88E96800567BD8 /* SplashModel.swift */; };
		273E66072B88E96E00567BD8 /* SplashRouter.swift in Sources */ = {isa = PBXBuildFile; fileRef = 273E66062B88E96E00567BD8 /* SplashRouter.swift */; };
		273E66092B88E97900567BD8 /* SplashWorker.swift in Sources */ = {isa = PBXBuildFile; fileRef = 273E66082B88E97900567BD8 /* SplashWorker.swift */; };
		273E660B2B88E98200567BD8 /* SplashProtocols.swift in Sources */ = {isa = PBXBuildFile; fileRef = 273E660A2B88E98200567BD8 /* SplashProtocols.swift */; };
		273E660D2B88E98B00567BD8 /* SplashAssembly.swift in Sources */ = {isa = PBXBuildFile; fileRef = 273E660C2B88E98B00567BD8 /* SplashAssembly.swift */; };
		273E660F2B89155000567BD8 /* AuthManager.swift in Sources */ = {isa = PBXBuildFile; fileRef = 273E660E2B89155000567BD8 /* AuthManager.swift */; };
		27535C642BA2DD6E000E48E6 /* BuildingCell.swift in Sources */ = {isa = PBXBuildFile; fileRef = 27535C632BA2DD6E000E48E6 /* BuildingCell.swift */; };
		27535C7A2BA47D5C000E48E6 /* SingleCardButton.swift in Sources */ = {isa = PBXBuildFile; fileRef = 27535C792BA47D5C000E48E6 /* SingleCardButton.swift */; };
		27535C7C2BA48515000E48E6 /* UpdateCarViewController.swift in Sources */ = {isa = PBXBuildFile; fileRef = 27535C7B2BA48515000E48E6 /* UpdateCarViewController.swift */; };
		27535C7E2BA48525000E48E6 /* UpdateCarInteractor.swift in Sources */ = {isa = PBXBuildFile; fileRef = 27535C7D2BA48525000E48E6 /* UpdateCarInteractor.swift */; };
		27535C802BA4852E000E48E6 /* UpdateCarWorker.swift in Sources */ = {isa = PBXBuildFile; fileRef = 27535C7F2BA4852E000E48E6 /* UpdateCarWorker.swift */; };
		27535C822BA48538000E48E6 /* UpdateCarPresenter.swift in Sources */ = {isa = PBXBuildFile; fileRef = 27535C812BA48538000E48E6 /* UpdateCarPresenter.swift */; };
		27535C842BA48542000E48E6 /* UpdateCarModel.swift in Sources */ = {isa = PBXBuildFile; fileRef = 27535C832BA48542000E48E6 /* UpdateCarModel.swift */; };
		27535C862BA4854E000E48E6 /* UpdateCarRouter.swift in Sources */ = {isa = PBXBuildFile; fileRef = 27535C852BA4854E000E48E6 /* UpdateCarRouter.swift */; };
		27535C882BA48555000E48E6 /* UpdateCarProtocols.swift in Sources */ = {isa = PBXBuildFile; fileRef = 27535C872BA48555000E48E6 /* UpdateCarProtocols.swift */; };
		27535C8A2BA4855D000E48E6 /* UpdateCarAssembly.swift in Sources */ = {isa = PBXBuildFile; fileRef = 27535C892BA4855D000E48E6 /* UpdateCarAssembly.swift */; };
		27535C8C2BA48C77000E48E6 /* MultipleButtonsCard.swift in Sources */ = {isa = PBXBuildFile; fileRef = 27535C8B2BA48C77000E48E6 /* MultipleButtonsCard.swift */; };
		27535C8E2BA48E94000E48E6 /* MultipleButtonsCardButton.swift in Sources */ = {isa = PBXBuildFile; fileRef = 27535C8D2BA48E94000E48E6 /* MultipleButtonsCardButton.swift */; };
		275E0F0B2BC686B200B6E1B3 /* Theme.swift in Sources */ = {isa = PBXBuildFile; fileRef = 275E0F0A2BC686B200B6E1B3 /* Theme.swift */; };
		275E0F0D2BC6872300B6E1B3 /* ThemeManager.swift in Sources */ = {isa = PBXBuildFile; fileRef = 275E0F0C2BC6872300B6E1B3 /* ThemeManager.swift */; };
		27754BDD2B99A6200065A14E /* ReservationsEndPoint.swift in Sources */ = {isa = PBXBuildFile; fileRef = 27754BDC2B99A6200065A14E /* ReservationsEndPoint.swift */; };
		27754BDF2B99AEF70065A14E /* ReservationsModel.swift in Sources */ = {isa = PBXBuildFile; fileRef = 27754BDE2B99AEF70065A14E /* ReservationsModel.swift */; };
		27754BE12B99B7880065A14E /* ProfileLabelButton.swift in Sources */ = {isa = PBXBuildFile; fileRef = 27754BE02B99B7880065A14E /* ProfileLabelButton.swift */; };
		27754BE42B99DA740065A14E /* BuildingsViewController.swift in Sources */ = {isa = PBXBuildFile; fileRef = 27754BE32B99DA740065A14E /* BuildingsViewController.swift */; };
		27754BE62B99DA7D0065A14E /* BuildingsInteractor.swift in Sources */ = {isa = PBXBuildFile; fileRef = 27754BE52B99DA7D0065A14E /* BuildingsInteractor.swift */; };
		27754BE82B99DA870065A14E /* BuildingsWorker.swift in Sources */ = {isa = PBXBuildFile; fileRef = 27754BE72B99DA870065A14E /* BuildingsWorker.swift */; };
		27754BEA2B99DA900065A14E /* BuildingsPresenter.swift in Sources */ = {isa = PBXBuildFile; fileRef = 27754BE92B99DA900065A14E /* BuildingsPresenter.swift */; };
		27754BEC2B99DA990065A14E /* BuildingsModel.swift in Sources */ = {isa = PBXBuildFile; fileRef = 27754BEB2B99DA990065A14E /* BuildingsModel.swift */; };
		27754BEE2B99DAA40065A14E /* BuildingsRouter.swift in Sources */ = {isa = PBXBuildFile; fileRef = 27754BED2B99DAA40065A14E /* BuildingsRouter.swift */; };
		27754BF02B99DAAD0065A14E /* BuildingsProtocols.swift in Sources */ = {isa = PBXBuildFile; fileRef = 27754BEF2B99DAAD0065A14E /* BuildingsProtocols.swift */; };
		27754BF22B99DAB60065A14E /* BuildingsAssembly.swift in Sources */ = {isa = PBXBuildFile; fileRef = 27754BF12B99DAB60065A14E /* BuildingsAssembly.swift */; };
		27754BF52B99E33D0065A14E /* ReservationCell.swift in Sources */ = {isa = PBXBuildFile; fileRef = 27754BF42B99E33D0065A14E /* ReservationCell.swift */; };
		27754BFF2B9AEDD40065A14E /* ParkingSpotsEndPoint.swift in Sources */ = {isa = PBXBuildFile; fileRef = 27754BFE2B9AEDD40065A14E /* ParkingSpotsEndPoint.swift */; };
		27754C012B9AF0710065A14E /* ParkingSpotsModel.swift in Sources */ = {isa = PBXBuildFile; fileRef = 27754C002B9AF0710065A14E /* ParkingSpotsModel.swift */; };
		27754C032B9AF13C0065A14E /* CanvasModel.swift in Sources */ = {isa = PBXBuildFile; fileRef = 27754C022B9AF13C0065A14E /* CanvasModel.swift */; };
		277B37B32BCA98D300B2A412 /* LoginState.swift in Sources */ = {isa = PBXBuildFile; fileRef = 277B37B22BCA98D300B2A412 /* LoginState.swift */; };
		277B37B62BCAA3F500B2A412 /* RegistrationState.swift in Sources */ = {isa = PBXBuildFile; fileRef = 277B37B52BCAA3F500B2A412 /* RegistrationState.swift */; };
		277B37B92BCAAA3A00B2A412 /* RegistrationCarState.swift in Sources */ = {isa = PBXBuildFile; fileRef = 277B37B82BCAAA3A00B2A412 /* RegistrationCarState.swift */; };
		277B37BC2BCAAED700B2A412 /* UpdateCarState.swift in Sources */ = {isa = PBXBuildFile; fileRef = 277B37BB2BCAAED700B2A412 /* UpdateCarState.swift */; };
		277B37BE2BCAB88500B2A412 /* MapState.swift in Sources */ = {isa = PBXBuildFile; fileRef = 277B37BD2BCAB88500B2A412 /* MapState.swift */; };
		277D6C392B9B0477000B36F9 /* OnCanvasCoordsModel.swift in Sources */ = {isa = PBXBuildFile; fileRef = 277D6C382B9B0477000B36F9 /* OnCanvasCoordsModel.swift */; };
		27848BDC2B80A44B00542D8C /* RegistrationCarViewController.swift in Sources */ = {isa = PBXBuildFile; fileRef = 27848BDB2B80A44B00542D8C /* RegistrationCarViewController.swift */; };
		27848BDE2B80A45700542D8C /* RegistrationCarInteractor.swift in Sources */ = {isa = PBXBuildFile; fileRef = 27848BDD2B80A45700542D8C /* RegistrationCarInteractor.swift */; };
		27848BE02B80A46300542D8C /* RegistrationCarPresenter.swift in Sources */ = {isa = PBXBuildFile; fileRef = 27848BDF2B80A46300542D8C /* RegistrationCarPresenter.swift */; };
		27848BE22B80A46E00542D8C /* RegistrationCarModel.swift in Sources */ = {isa = PBXBuildFile; fileRef = 27848BE12B80A46E00542D8C /* RegistrationCarModel.swift */; };
		27848BE42B80A47600542D8C /* RegistrationCarRouter.swift in Sources */ = {isa = PBXBuildFile; fileRef = 27848BE32B80A47600542D8C /* RegistrationCarRouter.swift */; };
		27848BE62B80A47E00542D8C /* RegistrationCarWorker.swift in Sources */ = {isa = PBXBuildFile; fileRef = 27848BE52B80A47E00542D8C /* RegistrationCarWorker.swift */; };
		27848BE82B80A48600542D8C /* RegistrationCarProtocols.swift in Sources */ = {isa = PBXBuildFile; fileRef = 27848BE72B80A48600542D8C /* RegistrationCarProtocols.swift */; };
		27848BEA2B80A48E00542D8C /* RegistrationCarAssembly.swift in Sources */ = {isa = PBXBuildFile; fileRef = 27848BE92B80A48E00542D8C /* RegistrationCarAssembly.swift */; };
		27848BED2B80A6F200542D8C /* HomeViewController.swift in Sources */ = {isa = PBXBuildFile; fileRef = 27848BEC2B80A6F200542D8C /* HomeViewController.swift */; };
		27848BEF2B80A70300542D8C /* HomeInteractor.swift in Sources */ = {isa = PBXBuildFile; fileRef = 27848BEE2B80A70300542D8C /* HomeInteractor.swift */; };
		27848BF12B80A71100542D8C /* HomePresenter.swift in Sources */ = {isa = PBXBuildFile; fileRef = 27848BF02B80A71100542D8C /* HomePresenter.swift */; };
		27848BF32B80A71A00542D8C /* HomeModel.swift in Sources */ = {isa = PBXBuildFile; fileRef = 27848BF22B80A71A00542D8C /* HomeModel.swift */; };
		27848BF52B80A72A00542D8C /* HomeRouter.swift in Sources */ = {isa = PBXBuildFile; fileRef = 27848BF42B80A72A00542D8C /* HomeRouter.swift */; };
		27848BF72B80A73400542D8C /* HomeWorker.swift in Sources */ = {isa = PBXBuildFile; fileRef = 27848BF62B80A73400542D8C /* HomeWorker.swift */; };
		27848BF92B80A73D00542D8C /* HomeProtocols.swift in Sources */ = {isa = PBXBuildFile; fileRef = 27848BF82B80A73D00542D8C /* HomeProtocols.swift */; };
		27848BFB2B80A74600542D8C /* HomeAssembly.swift in Sources */ = {isa = PBXBuildFile; fileRef = 27848BFA2B80A74600542D8C /* HomeAssembly.swift */; };
		2795FD972B8D2C9A00C02FF3 /* TabBar.swift in Sources */ = {isa = PBXBuildFile; fileRef = 2795FD962B8D2C9A00C02FF3 /* TabBar.swift */; };
		2795FD9A2B8DA9C100C02FF3 /* TabBarButton.swift in Sources */ = {isa = PBXBuildFile; fileRef = 2795FD992B8DA9C100C02FF3 /* TabBarButton.swift */; };
		2795FF3F2BC04CEB0031CEE8 /* ReservationCardViewController.swift in Sources */ = {isa = PBXBuildFile; fileRef = 2795FF3E2BC04CEB0031CEE8 /* ReservationCardViewController.swift */; };
		2795FF412BC04D3E0031CEE8 /* ReservationCardInteractor.swift in Sources */ = {isa = PBXBuildFile; fileRef = 2795FF402BC04D3E0031CEE8 /* ReservationCardInteractor.swift */; };
		2795FF432BC04D4C0031CEE8 /* ReservationCardPresenter.swift in Sources */ = {isa = PBXBuildFile; fileRef = 2795FF422BC04D4C0031CEE8 /* ReservationCardPresenter.swift */; };
		2795FF452BC04D560031CEE8 /* ReservationCardWorker.swift in Sources */ = {isa = PBXBuildFile; fileRef = 2795FF442BC04D560031CEE8 /* ReservationCardWorker.swift */; };
		2795FF472BC04D620031CEE8 /* ReservationCardModel.swift in Sources */ = {isa = PBXBuildFile; fileRef = 2795FF462BC04D620031CEE8 /* ReservationCardModel.swift */; };
		2795FF492BC04D6E0031CEE8 /* ReservationCardRouter.swift in Sources */ = {isa = PBXBuildFile; fileRef = 2795FF482BC04D6E0031CEE8 /* ReservationCardRouter.swift */; };
		2795FF4B2BC04D7A0031CEE8 /* ReservationCardProtocols.swift in Sources */ = {isa = PBXBuildFile; fileRef = 2795FF4A2BC04D7A0031CEE8 /* ReservationCardProtocols.swift */; };
		2795FF4D2BC04D850031CEE8 /* ReservationCardAssembly.swift in Sources */ = {isa = PBXBuildFile; fileRef = 2795FF4C2BC04D850031CEE8 /* ReservationCardAssembly.swift */; };
		2795FF522BC3EDF80031CEE8 /* Localizable.strings in Resources */ = {isa = PBXBuildFile; fileRef = 2795FF542BC3EDF80031CEE8 /* Localizable.strings */; };
		2795FF582BC3F68B0031CEE8 /* String+localize.swift in Sources */ = {isa = PBXBuildFile; fileRef = 2795FF572BC3F68B0031CEE8 /* String+localize.swift */; };
		2795FF5B2BC3F7A30031CEE8 /* Language.swift in Sources */ = {isa = PBXBuildFile; fileRef = 2795FF5A2BC3F7A30031CEE8 /* Language.swift */; };
		279C53382BCD0FE900AF6EF5 /* ReservationCardState.swift in Sources */ = {isa = PBXBuildFile; fileRef = 279C53372BCD0FE900AF6EF5 /* ReservationCardState.swift */; };
		279C533A2BCD2A3100AF6EF5 /* ReservationCardSpotState.swift in Sources */ = {isa = PBXBuildFile; fileRef = 279C53392BCD2A3100AF6EF5 /* ReservationCardSpotState.swift */; };
		27B2C57F2BCE5F7400899713 /* Date+iso8601.swift in Sources */ = {isa = PBXBuildFile; fileRef = 27B2C57E2BCE5F7400899713 /* Date+iso8601.swift */; };
		27B2C5812BCE630000899713 /* Date+extract.swift in Sources */ = {isa = PBXBuildFile; fileRef = 27B2C5802BCE630000899713 /* Date+extract.swift */; };
		27BA27D82BC7F66D008F3519 /* Colors.swift in Sources */ = {isa = PBXBuildFile; fileRef = 27BA27D72BC7F66D008F3519 /* Colors.swift */; };
		27BA27DA2BC7FDE8008F3519 /* UIColor+themeColors.swift in Sources */ = {isa = PBXBuildFile; fileRef = 27BA27D92BC7FDE8008F3519 /* UIColor+themeColors.swift */; };
		27BA27DC2BC80952008F3519 /* UITextField+borders.swift in Sources */ = {isa = PBXBuildFile; fileRef = 27BA27DB2BC80952008F3519 /* UITextField+borders.swift */; };
		27C0B7A62B9C38B600977074 /* ParkingLevelsEndPoint.swift in Sources */ = {isa = PBXBuildFile; fileRef = 27C0B7A52B9C38B600977074 /* ParkingLevelsEndPoint.swift */; };
		27C0B7A82B9C3AEC00977074 /* ParkingLevelsModel.swift in Sources */ = {isa = PBXBuildFile; fileRef = 27C0B7A72B9C3AEC00977074 /* ParkingLevelsModel.swift */; };
		27C0B7AC2B9C448400977074 /* BuildingsEndPoint.swift in Sources */ = {isa = PBXBuildFile; fileRef = 27C0B7AB2B9C448400977074 /* BuildingsEndPoint.swift */; };
		27C0B7AE2B9C44F900977074 /* BuildingModel.swift in Sources */ = {isa = PBXBuildFile; fileRef = 27C0B7AD2B9C44F900977074 /* BuildingModel.swift */; };
		27C6243D2B7C8B17002FFF48 /* LoginViewController.swift in Sources */ = {isa = PBXBuildFile; fileRef = 27C6243C2B7C8B17002FFF48 /* LoginViewController.swift */; };
		27C6243F2B7C8B50002FFF48 /* LoginInteractor.swift in Sources */ = {isa = PBXBuildFile; fileRef = 27C6243E2B7C8B50002FFF48 /* LoginInteractor.swift */; };
		27C624412B7C8B59002FFF48 /* LoginPresenter.swift in Sources */ = {isa = PBXBuildFile; fileRef = 27C624402B7C8B59002FFF48 /* LoginPresenter.swift */; };
		27C624432B7C8B63002FFF48 /* LoginModel.swift in Sources */ = {isa = PBXBuildFile; fileRef = 27C624422B7C8B63002FFF48 /* LoginModel.swift */; };
		27C624452B7C8B6F002FFF48 /* LoginRouter.swift in Sources */ = {isa = PBXBuildFile; fileRef = 27C624442B7C8B6F002FFF48 /* LoginRouter.swift */; };
		27C624472B7C8B7E002FFF48 /* LoginProtocols.swift in Sources */ = {isa = PBXBuildFile; fileRef = 27C624462B7C8B7E002FFF48 /* LoginProtocols.swift */; };
		27C624492B7C8B88002FFF48 /* LoginAssembly.swift in Sources */ = {isa = PBXBuildFile; fileRef = 27C624482B7C8B88002FFF48 /* LoginAssembly.swift */; };
		27C6244B2B7C8CC1002FFF48 /* UIViewController+hideKeyboardOnTapAround.swift in Sources */ = {isa = PBXBuildFile; fileRef = 27C6244A2B7C8CC1002FFF48 /* UIViewController+hideKeyboardOnTapAround.swift */; };
		27C624522B7D01EB002FFF48 /* RegistrationViewController.swift in Sources */ = {isa = PBXBuildFile; fileRef = 27C624512B7D01EB002FFF48 /* RegistrationViewController.swift */; };
		27C624542B7D020C002FFF48 /* RegistrationInteractor.swift in Sources */ = {isa = PBXBuildFile; fileRef = 27C624532B7D020C002FFF48 /* RegistrationInteractor.swift */; };
		27C624562B7D0217002FFF48 /* RegistrationPresenter.swift in Sources */ = {isa = PBXBuildFile; fileRef = 27C624552B7D0217002FFF48 /* RegistrationPresenter.swift */; };
		27C624582B7D0223002FFF48 /* RegistrationModel.swift in Sources */ = {isa = PBXBuildFile; fileRef = 27C624572B7D0223002FFF48 /* RegistrationModel.swift */; };
		27C6245A2B7D022E002FFF48 /* RegistrationRouter.swift in Sources */ = {isa = PBXBuildFile; fileRef = 27C624592B7D022E002FFF48 /* RegistrationRouter.swift */; };
		27C6245C2B7D0239002FFF48 /* RegistrationWorker.swift in Sources */ = {isa = PBXBuildFile; fileRef = 27C6245B2B7D0239002FFF48 /* RegistrationWorker.swift */; };
		27C6245E2B7D0246002FFF48 /* RegistrationProtocols.swift in Sources */ = {isa = PBXBuildFile; fileRef = 27C6245D2B7D0246002FFF48 /* RegistrationProtocols.swift */; };
		27C624602B7D0251002FFF48 /* RegistrationAssembly.swift in Sources */ = {isa = PBXBuildFile; fileRef = 27C6245F2B7D0251002FFF48 /* RegistrationAssembly.swift */; };
/* End PBXBuildFile section */

/* Begin PBXFileReference section */
		272A22F72BB06A750025880E /* MapView.swift */ = {isa = PBXFileReference; lastKnownFileType = sourcecode.swift; path = MapView.swift; sourceTree = "<group>"; };
		272A22FA2BB1A3380025880E /* HomeState.swift */ = {isa = PBXFileReference; lastKnownFileType = sourcecode.swift; path = HomeState.swift; sourceTree = "<group>"; };
		272A22FD2BB1AABE0025880E /* BuildingsState.swift */ = {isa = PBXFileReference; lastKnownFileType = sourcecode.swift; path = BuildingsState.swift; sourceTree = "<group>"; };
		272B51F52B9C4FD8008F428E /* ProfileViewController.swift */ = {isa = PBXFileReference; lastKnownFileType = sourcecode.swift; path = ProfileViewController.swift; sourceTree = "<group>"; };
		272B51F72B9C5006008F428E /* ProfileInteractor.swift */ = {isa = PBXFileReference; lastKnownFileType = sourcecode.swift; path = ProfileInteractor.swift; sourceTree = "<group>"; };
		272B51F92B9C5021008F428E /* ProfileWorker.swift */ = {isa = PBXFileReference; lastKnownFileType = sourcecode.swift; path = ProfileWorker.swift; sourceTree = "<group>"; };
		272B51FB2B9C503D008F428E /* ProfilePresenter.swift */ = {isa = PBXFileReference; lastKnownFileType = sourcecode.swift; path = ProfilePresenter.swift; sourceTree = "<group>"; };
		272B51FD2B9C5055008F428E /* ProfileModel.swift */ = {isa = PBXFileReference; lastKnownFileType = sourcecode.swift; path = ProfileModel.swift; sourceTree = "<group>"; };
		272B51FF2B9C5086008F428E /* ProfileRouter.swift */ = {isa = PBXFileReference; lastKnownFileType = sourcecode.swift; path = ProfileRouter.swift; sourceTree = "<group>"; };
		272B52012B9C5099008F428E /* ProfileProtocols.swift */ = {isa = PBXFileReference; lastKnownFileType = sourcecode.swift; path = ProfileProtocols.swift; sourceTree = "<group>"; };
		272B52032B9C50AD008F428E /* ProfileAssembly.swift */ = {isa = PBXFileReference; lastKnownFileType = sourcecode.swift; path = ProfileAssembly.swift; sourceTree = "<group>"; };
		272B52062B9C5127008F428E /* MoreViewController.swift */ = {isa = PBXFileReference; lastKnownFileType = sourcecode.swift; path = MoreViewController.swift; sourceTree = "<group>"; };
		272B52082B9C513F008F428E /* MoreInteractor.swift */ = {isa = PBXFileReference; lastKnownFileType = sourcecode.swift; path = MoreInteractor.swift; sourceTree = "<group>"; };
		272B520A2B9C5150008F428E /* MoreWorker.swift */ = {isa = PBXFileReference; lastKnownFileType = sourcecode.swift; path = MoreWorker.swift; sourceTree = "<group>"; };
		272B520C2B9C5162008F428E /* MorePresenter.swift */ = {isa = PBXFileReference; lastKnownFileType = sourcecode.swift; path = MorePresenter.swift; sourceTree = "<group>"; };
		272B520E2B9C517A008F428E /* MoreModel.swift */ = {isa = PBXFileReference; lastKnownFileType = sourcecode.swift; path = MoreModel.swift; sourceTree = "<group>"; };
		272B52102B9C518C008F428E /* MoreRouter.swift */ = {isa = PBXFileReference; lastKnownFileType = sourcecode.swift; path = MoreRouter.swift; sourceTree = "<group>"; };
		272B52122B9C51A6008F428E /* MoreProtocols.swift */ = {isa = PBXFileReference; lastKnownFileType = sourcecode.swift; path = MoreProtocols.swift; sourceTree = "<group>"; };
		272B52142B9C51B9008F428E /* MoreAssembly.swift */ = {isa = PBXFileReference; lastKnownFileType = sourcecode.swift; path = MoreAssembly.swift; sourceTree = "<group>"; };
		272B52172B9C539B008F428E /* MapViewController.swift */ = {isa = PBXFileReference; lastKnownFileType = sourcecode.swift; path = MapViewController.swift; sourceTree = "<group>"; };
		272B52192B9C53C5008F428E /* MapInteractor.swift */ = {isa = PBXFileReference; lastKnownFileType = sourcecode.swift; path = MapInteractor.swift; sourceTree = "<group>"; };
		272B521B2B9C53D9008F428E /* MapWorker.swift */ = {isa = PBXFileReference; lastKnownFileType = sourcecode.swift; path = MapWorker.swift; sourceTree = "<group>"; };
		272B521D2B9C5408008F428E /* MapPresenter.swift */ = {isa = PBXFileReference; lastKnownFileType = sourcecode.swift; path = MapPresenter.swift; sourceTree = "<group>"; };
		272B521F2B9C5418008F428E /* MapModel.swift */ = {isa = PBXFileReference; lastKnownFileType = sourcecode.swift; path = MapModel.swift; sourceTree = "<group>"; };
		272B52212B9C542A008F428E /* MapRouter.swift */ = {isa = PBXFileReference; lastKnownFileType = sourcecode.swift; path = MapRouter.swift; sourceTree = "<group>"; };
		272B52232B9C5440008F428E /* MapProtocols.swift */ = {isa = PBXFileReference; lastKnownFileType = sourcecode.swift; path = MapProtocols.swift; sourceTree = "<group>"; };
		272B52252B9C5454008F428E /* MapAssembly.swift */ = {isa = PBXFileReference; lastKnownFileType = sourcecode.swift; path = MapAssembly.swift; sourceTree = "<group>"; };
		273C90A62B7BCCB000C73FE8 /* parking-rental-app.app */ = {isa = PBXFileReference; explicitFileType = wrapper.application; includeInIndex = 0; path = "parking-rental-app.app"; sourceTree = BUILT_PRODUCTS_DIR; };
		273C90A92B7BCCB000C73FE8 /* AppDelegate.swift */ = {isa = PBXFileReference; lastKnownFileType = sourcecode.swift; path = AppDelegate.swift; sourceTree = "<group>"; };
		273C90AB2B7BCCB000C73FE8 /* SceneDelegate.swift */ = {isa = PBXFileReference; lastKnownFileType = sourcecode.swift; path = SceneDelegate.swift; sourceTree = "<group>"; };
		273C90B22B7BCCB200C73FE8 /* Assets.xcassets */ = {isa = PBXFileReference; lastKnownFileType = folder.assetcatalog; path = Assets.xcassets; sourceTree = "<group>"; };
		273C90B52B7BCCB200C73FE8 /* Base */ = {isa = PBXFileReference; lastKnownFileType = file.storyboard; name = Base; path = Base.lproj/LaunchScreen.storyboard; sourceTree = "<group>"; };
		273C90B72B7BCCB200C73FE8 /* Info.plist */ = {isa = PBXFileReference; lastKnownFileType = text.plist.xml; path = Info.plist; sourceTree = "<group>"; };
		273C90C42B7BD19900C73FE8 /* UIView+pin.swift */ = {isa = PBXFileReference; lastKnownFileType = sourcecode.swift; path = "UIView+pin.swift"; sourceTree = "<group>"; };
		273E65D72B848A9500567BD8 /* EndPointType.swift */ = {isa = PBXFileReference; lastKnownFileType = sourcecode.swift; path = EndPointType.swift; sourceTree = "<group>"; };
		273E65D92B848B2D00567BD8 /* HTTPMethod.swift */ = {isa = PBXFileReference; lastKnownFileType = sourcecode.swift; path = HTTPMethod.swift; sourceTree = "<group>"; };
		273E65DB2B848B8300567BD8 /* HTTPTask.swift */ = {isa = PBXFileReference; lastKnownFileType = sourcecode.swift; path = HTTPTask.swift; sourceTree = "<group>"; };
		273E65DD2B848C5C00567BD8 /* ParameterEncoding.swift */ = {isa = PBXFileReference; lastKnownFileType = sourcecode.swift; path = ParameterEncoding.swift; sourceTree = "<group>"; };
		273E65DF2B848D6100567BD8 /* URLParameterEncoder.swift */ = {isa = PBXFileReference; lastKnownFileType = sourcecode.swift; path = URLParameterEncoder.swift; sourceTree = "<group>"; };
		273E65E12B848F7E00567BD8 /* JSONParameterEncoder.swift */ = {isa = PBXFileReference; lastKnownFileType = sourcecode.swift; path = JSONParameterEncoder.swift; sourceTree = "<group>"; };
		273E65E32B84900800567BD8 /* NetworkRouter.swift */ = {isa = PBXFileReference; lastKnownFileType = sourcecode.swift; path = NetworkRouter.swift; sourceTree = "<group>"; };
		273E65E52B8490F500567BD8 /* Router.swift */ = {isa = PBXFileReference; lastKnownFileType = sourcecode.swift; path = Router.swift; sourceTree = "<group>"; };
		273E65E72B84969F00567BD8 /* CarsEndPoint.swift */ = {isa = PBXFileReference; lastKnownFileType = sourcecode.swift; path = CarsEndPoint.swift; sourceTree = "<group>"; };
		273E65EA2B8499FE00567BD8 /* CarsModel.swift */ = {isa = PBXFileReference; lastKnownFileType = sourcecode.swift; path = CarsModel.swift; sourceTree = "<group>"; };
		273E65EC2B849CBB00567BD8 /* NetworkManager.swift */ = {isa = PBXFileReference; lastKnownFileType = sourcecode.swift; path = NetworkManager.swift; sourceTree = "<group>"; };
		273E65F02B86449A00567BD8 /* AuthEndPoint.swift */ = {isa = PBXFileReference; lastKnownFileType = sourcecode.swift; path = AuthEndPoint.swift; sourceTree = "<group>"; };
		273E65F22B86502600567BD8 /* AuthModel.swift */ = {isa = PBXFileReference; lastKnownFileType = sourcecode.swift; path = AuthModel.swift; sourceTree = "<group>"; };
		273E65FB2B88C14800567BD8 /* KeychainManager.swift */ = {isa = PBXFileReference; lastKnownFileType = sourcecode.swift; path = KeychainManager.swift; sourceTree = "<group>"; };
		273E65FE2B88E94900567BD8 /* SplashViewController.swift */ = {isa = PBXFileReference; lastKnownFileType = sourcecode.swift; path = SplashViewController.swift; sourceTree = "<group>"; };
		273E66002B88E95500567BD8 /* SplashInteractor.swift */ = {isa = PBXFileReference; lastKnownFileType = sourcecode.swift; path = SplashInteractor.swift; sourceTree = "<group>"; };
		273E66022B88E95E00567BD8 /* SplashPresenter.swift */ = {isa = PBXFileReference; lastKnownFileType = sourcecode.swift; path = SplashPresenter.swift; sourceTree = "<group>"; };
		273E66042B88E96800567BD8 /* SplashModel.swift */ = {isa = PBXFileReference; lastKnownFileType = sourcecode.swift; path = SplashModel.swift; sourceTree = "<group>"; };
		273E66062B88E96E00567BD8 /* SplashRouter.swift */ = {isa = PBXFileReference; lastKnownFileType = sourcecode.swift; path = SplashRouter.swift; sourceTree = "<group>"; };
		273E66082B88E97900567BD8 /* SplashWorker.swift */ = {isa = PBXFileReference; lastKnownFileType = sourcecode.swift; path = SplashWorker.swift; sourceTree = "<group>"; };
		273E660A2B88E98200567BD8 /* SplashProtocols.swift */ = {isa = PBXFileReference; lastKnownFileType = sourcecode.swift; path = SplashProtocols.swift; sourceTree = "<group>"; };
		273E660C2B88E98B00567BD8 /* SplashAssembly.swift */ = {isa = PBXFileReference; lastKnownFileType = sourcecode.swift; path = SplashAssembly.swift; sourceTree = "<group>"; };
		273E660E2B89155000567BD8 /* AuthManager.swift */ = {isa = PBXFileReference; lastKnownFileType = sourcecode.swift; path = AuthManager.swift; sourceTree = "<group>"; };
		27535C632BA2DD6E000E48E6 /* BuildingCell.swift */ = {isa = PBXFileReference; lastKnownFileType = sourcecode.swift; path = BuildingCell.swift; sourceTree = "<group>"; };
		27535C792BA47D5C000E48E6 /* SingleCardButton.swift */ = {isa = PBXFileReference; lastKnownFileType = sourcecode.swift; path = SingleCardButton.swift; sourceTree = "<group>"; };
		27535C7B2BA48515000E48E6 /* UpdateCarViewController.swift */ = {isa = PBXFileReference; lastKnownFileType = sourcecode.swift; path = UpdateCarViewController.swift; sourceTree = "<group>"; };
		27535C7D2BA48525000E48E6 /* UpdateCarInteractor.swift */ = {isa = PBXFileReference; lastKnownFileType = sourcecode.swift; path = UpdateCarInteractor.swift; sourceTree = "<group>"; };
		27535C7F2BA4852E000E48E6 /* UpdateCarWorker.swift */ = {isa = PBXFileReference; lastKnownFileType = sourcecode.swift; path = UpdateCarWorker.swift; sourceTree = "<group>"; };
		27535C812BA48538000E48E6 /* UpdateCarPresenter.swift */ = {isa = PBXFileReference; lastKnownFileType = sourcecode.swift; path = UpdateCarPresenter.swift; sourceTree = "<group>"; };
		27535C832BA48542000E48E6 /* UpdateCarModel.swift */ = {isa = PBXFileReference; lastKnownFileType = sourcecode.swift; path = UpdateCarModel.swift; sourceTree = "<group>"; };
		27535C852BA4854E000E48E6 /* UpdateCarRouter.swift */ = {isa = PBXFileReference; lastKnownFileType = sourcecode.swift; path = UpdateCarRouter.swift; sourceTree = "<group>"; };
		27535C872BA48555000E48E6 /* UpdateCarProtocols.swift */ = {isa = PBXFileReference; lastKnownFileType = sourcecode.swift; path = UpdateCarProtocols.swift; sourceTree = "<group>"; };
		27535C892BA4855D000E48E6 /* UpdateCarAssembly.swift */ = {isa = PBXFileReference; lastKnownFileType = sourcecode.swift; path = UpdateCarAssembly.swift; sourceTree = "<group>"; };
		27535C8B2BA48C77000E48E6 /* MultipleButtonsCard.swift */ = {isa = PBXFileReference; lastKnownFileType = sourcecode.swift; path = MultipleButtonsCard.swift; sourceTree = "<group>"; };
		27535C8D2BA48E94000E48E6 /* MultipleButtonsCardButton.swift */ = {isa = PBXFileReference; lastKnownFileType = sourcecode.swift; path = MultipleButtonsCardButton.swift; sourceTree = "<group>"; };
		275E0F082BC6846700B6E1B3 /* en */ = {isa = PBXFileReference; lastKnownFileType = text.plist.strings; name = en; path = en.lproj/LaunchScreen.strings; sourceTree = "<group>"; };
		275E0F0A2BC686B200B6E1B3 /* Theme.swift */ = {isa = PBXFileReference; lastKnownFileType = sourcecode.swift; path = Theme.swift; sourceTree = "<group>"; };
		275E0F0C2BC6872300B6E1B3 /* ThemeManager.swift */ = {isa = PBXFileReference; lastKnownFileType = sourcecode.swift; path = ThemeManager.swift; sourceTree = "<group>"; };
		27754BDC2B99A6200065A14E /* ReservationsEndPoint.swift */ = {isa = PBXFileReference; lastKnownFileType = sourcecode.swift; path = ReservationsEndPoint.swift; sourceTree = "<group>"; };
		27754BDE2B99AEF70065A14E /* ReservationsModel.swift */ = {isa = PBXFileReference; lastKnownFileType = sourcecode.swift; path = ReservationsModel.swift; sourceTree = "<group>"; };
		27754BE02B99B7880065A14E /* ProfileLabelButton.swift */ = {isa = PBXFileReference; lastKnownFileType = sourcecode.swift; path = ProfileLabelButton.swift; sourceTree = "<group>"; };
		27754BE32B99DA740065A14E /* BuildingsViewController.swift */ = {isa = PBXFileReference; lastKnownFileType = sourcecode.swift; path = BuildingsViewController.swift; sourceTree = "<group>"; };
		27754BE52B99DA7D0065A14E /* BuildingsInteractor.swift */ = {isa = PBXFileReference; lastKnownFileType = sourcecode.swift; path = BuildingsInteractor.swift; sourceTree = "<group>"; };
		27754BE72B99DA870065A14E /* BuildingsWorker.swift */ = {isa = PBXFileReference; lastKnownFileType = sourcecode.swift; path = BuildingsWorker.swift; sourceTree = "<group>"; };
		27754BE92B99DA900065A14E /* BuildingsPresenter.swift */ = {isa = PBXFileReference; lastKnownFileType = sourcecode.swift; path = BuildingsPresenter.swift; sourceTree = "<group>"; };
		27754BEB2B99DA990065A14E /* BuildingsModel.swift */ = {isa = PBXFileReference; lastKnownFileType = sourcecode.swift; path = BuildingsModel.swift; sourceTree = "<group>"; };
		27754BED2B99DAA40065A14E /* BuildingsRouter.swift */ = {isa = PBXFileReference; lastKnownFileType = sourcecode.swift; path = BuildingsRouter.swift; sourceTree = "<group>"; };
		27754BEF2B99DAAD0065A14E /* BuildingsProtocols.swift */ = {isa = PBXFileReference; lastKnownFileType = sourcecode.swift; path = BuildingsProtocols.swift; sourceTree = "<group>"; };
		27754BF12B99DAB60065A14E /* BuildingsAssembly.swift */ = {isa = PBXFileReference; lastKnownFileType = sourcecode.swift; path = BuildingsAssembly.swift; sourceTree = "<group>"; };
		27754BF42B99E33D0065A14E /* ReservationCell.swift */ = {isa = PBXFileReference; lastKnownFileType = sourcecode.swift; path = ReservationCell.swift; sourceTree = "<group>"; };
		27754BFE2B9AEDD40065A14E /* ParkingSpotsEndPoint.swift */ = {isa = PBXFileReference; lastKnownFileType = sourcecode.swift; path = ParkingSpotsEndPoint.swift; sourceTree = "<group>"; };
		27754C002B9AF0710065A14E /* ParkingSpotsModel.swift */ = {isa = PBXFileReference; lastKnownFileType = sourcecode.swift; path = ParkingSpotsModel.swift; sourceTree = "<group>"; };
		27754C022B9AF13C0065A14E /* CanvasModel.swift */ = {isa = PBXFileReference; lastKnownFileType = sourcecode.swift; path = CanvasModel.swift; sourceTree = "<group>"; };
		277B37B22BCA98D300B2A412 /* LoginState.swift */ = {isa = PBXFileReference; lastKnownFileType = sourcecode.swift; path = LoginState.swift; sourceTree = "<group>"; };
		277B37B52BCAA3F500B2A412 /* RegistrationState.swift */ = {isa = PBXFileReference; lastKnownFileType = sourcecode.swift; path = RegistrationState.swift; sourceTree = "<group>"; };
		277B37B82BCAAA3A00B2A412 /* RegistrationCarState.swift */ = {isa = PBXFileReference; lastKnownFileType = sourcecode.swift; path = RegistrationCarState.swift; sourceTree = "<group>"; };
		277B37BB2BCAAED700B2A412 /* UpdateCarState.swift */ = {isa = PBXFileReference; lastKnownFileType = sourcecode.swift; path = UpdateCarState.swift; sourceTree = "<group>"; };
		277B37BD2BCAB88500B2A412 /* MapState.swift */ = {isa = PBXFileReference; lastKnownFileType = sourcecode.swift; path = MapState.swift; sourceTree = "<group>"; };
		277D6C382B9B0477000B36F9 /* OnCanvasCoordsModel.swift */ = {isa = PBXFileReference; lastKnownFileType = sourcecode.swift; path = OnCanvasCoordsModel.swift; sourceTree = "<group>"; };
		27848BDB2B80A44B00542D8C /* RegistrationCarViewController.swift */ = {isa = PBXFileReference; lastKnownFileType = sourcecode.swift; path = RegistrationCarViewController.swift; sourceTree = "<group>"; };
		27848BDD2B80A45700542D8C /* RegistrationCarInteractor.swift */ = {isa = PBXFileReference; lastKnownFileType = sourcecode.swift; path = RegistrationCarInteractor.swift; sourceTree = "<group>"; };
		27848BDF2B80A46300542D8C /* RegistrationCarPresenter.swift */ = {isa = PBXFileReference; lastKnownFileType = sourcecode.swift; path = RegistrationCarPresenter.swift; sourceTree = "<group>"; };
		27848BE12B80A46E00542D8C /* RegistrationCarModel.swift */ = {isa = PBXFileReference; lastKnownFileType = sourcecode.swift; path = RegistrationCarModel.swift; sourceTree = "<group>"; };
		27848BE32B80A47600542D8C /* RegistrationCarRouter.swift */ = {isa = PBXFileReference; lastKnownFileType = sourcecode.swift; path = RegistrationCarRouter.swift; sourceTree = "<group>"; };
		27848BE52B80A47E00542D8C /* RegistrationCarWorker.swift */ = {isa = PBXFileReference; lastKnownFileType = sourcecode.swift; path = RegistrationCarWorker.swift; sourceTree = "<group>"; };
		27848BE72B80A48600542D8C /* RegistrationCarProtocols.swift */ = {isa = PBXFileReference; lastKnownFileType = sourcecode.swift; path = RegistrationCarProtocols.swift; sourceTree = "<group>"; };
		27848BE92B80A48E00542D8C /* RegistrationCarAssembly.swift */ = {isa = PBXFileReference; lastKnownFileType = sourcecode.swift; path = RegistrationCarAssembly.swift; sourceTree = "<group>"; };
		27848BEC2B80A6F200542D8C /* HomeViewController.swift */ = {isa = PBXFileReference; lastKnownFileType = sourcecode.swift; path = HomeViewController.swift; sourceTree = "<group>"; };
		27848BEE2B80A70300542D8C /* HomeInteractor.swift */ = {isa = PBXFileReference; lastKnownFileType = sourcecode.swift; path = HomeInteractor.swift; sourceTree = "<group>"; };
		27848BF02B80A71100542D8C /* HomePresenter.swift */ = {isa = PBXFileReference; lastKnownFileType = sourcecode.swift; path = HomePresenter.swift; sourceTree = "<group>"; };
		27848BF22B80A71A00542D8C /* HomeModel.swift */ = {isa = PBXFileReference; lastKnownFileType = sourcecode.swift; path = HomeModel.swift; sourceTree = "<group>"; };
		27848BF42B80A72A00542D8C /* HomeRouter.swift */ = {isa = PBXFileReference; lastKnownFileType = sourcecode.swift; path = HomeRouter.swift; sourceTree = "<group>"; };
		27848BF62B80A73400542D8C /* HomeWorker.swift */ = {isa = PBXFileReference; lastKnownFileType = sourcecode.swift; path = HomeWorker.swift; sourceTree = "<group>"; };
		27848BF82B80A73D00542D8C /* HomeProtocols.swift */ = {isa = PBXFileReference; lastKnownFileType = sourcecode.swift; path = HomeProtocols.swift; sourceTree = "<group>"; };
		27848BFA2B80A74600542D8C /* HomeAssembly.swift */ = {isa = PBXFileReference; lastKnownFileType = sourcecode.swift; path = HomeAssembly.swift; sourceTree = "<group>"; };
		2795FD962B8D2C9A00C02FF3 /* TabBar.swift */ = {isa = PBXFileReference; lastKnownFileType = sourcecode.swift; path = TabBar.swift; sourceTree = "<group>"; };
		2795FD992B8DA9C100C02FF3 /* TabBarButton.swift */ = {isa = PBXFileReference; lastKnownFileType = sourcecode.swift; path = TabBarButton.swift; sourceTree = "<group>"; };
		2795FF3E2BC04CEB0031CEE8 /* ReservationCardViewController.swift */ = {isa = PBXFileReference; lastKnownFileType = sourcecode.swift; path = ReservationCardViewController.swift; sourceTree = "<group>"; };
		2795FF402BC04D3E0031CEE8 /* ReservationCardInteractor.swift */ = {isa = PBXFileReference; lastKnownFileType = sourcecode.swift; path = ReservationCardInteractor.swift; sourceTree = "<group>"; };
		2795FF422BC04D4C0031CEE8 /* ReservationCardPresenter.swift */ = {isa = PBXFileReference; lastKnownFileType = sourcecode.swift; path = ReservationCardPresenter.swift; sourceTree = "<group>"; };
		2795FF442BC04D560031CEE8 /* ReservationCardWorker.swift */ = {isa = PBXFileReference; lastKnownFileType = sourcecode.swift; path = ReservationCardWorker.swift; sourceTree = "<group>"; };
		2795FF462BC04D620031CEE8 /* ReservationCardModel.swift */ = {isa = PBXFileReference; lastKnownFileType = sourcecode.swift; path = ReservationCardModel.swift; sourceTree = "<group>"; };
		2795FF482BC04D6E0031CEE8 /* ReservationCardRouter.swift */ = {isa = PBXFileReference; lastKnownFileType = sourcecode.swift; path = ReservationCardRouter.swift; sourceTree = "<group>"; };
		2795FF4A2BC04D7A0031CEE8 /* ReservationCardProtocols.swift */ = {isa = PBXFileReference; lastKnownFileType = sourcecode.swift; path = ReservationCardProtocols.swift; sourceTree = "<group>"; };
		2795FF4C2BC04D850031CEE8 /* ReservationCardAssembly.swift */ = {isa = PBXFileReference; lastKnownFileType = sourcecode.swift; path = ReservationCardAssembly.swift; sourceTree = "<group>"; };
		2795FF532BC3EDF80031CEE8 /* en */ = {isa = PBXFileReference; lastKnownFileType = text.plist.strings; name = en; path = en.lproj/Localizable.strings; sourceTree = "<group>"; };
		2795FF552BC3EE990031CEE8 /* ru */ = {isa = PBXFileReference; lastKnownFileType = text.plist.strings; name = ru; path = ru.lproj/LaunchScreen.strings; sourceTree = "<group>"; };
		2795FF562BC3EE9A0031CEE8 /* ru */ = {isa = PBXFileReference; lastKnownFileType = text.plist.strings; name = ru; path = ru.lproj/Localizable.strings; sourceTree = "<group>"; };
		2795FF572BC3F68B0031CEE8 /* String+localize.swift */ = {isa = PBXFileReference; lastKnownFileType = sourcecode.swift; path = "String+localize.swift"; sourceTree = "<group>"; };
		2795FF5A2BC3F7A30031CEE8 /* Language.swift */ = {isa = PBXFileReference; lastKnownFileType = sourcecode.swift; path = Language.swift; sourceTree = "<group>"; };
		279C53372BCD0FE900AF6EF5 /* ReservationCardState.swift */ = {isa = PBXFileReference; lastKnownFileType = sourcecode.swift; path = ReservationCardState.swift; sourceTree = "<group>"; };
		279C53392BCD2A3100AF6EF5 /* ReservationCardSpotState.swift */ = {isa = PBXFileReference; lastKnownFileType = sourcecode.swift; path = ReservationCardSpotState.swift; sourceTree = "<group>"; };
		27B2C57E2BCE5F7400899713 /* Date+iso8601.swift */ = {isa = PBXFileReference; lastKnownFileType = sourcecode.swift; path = "Date+iso8601.swift"; sourceTree = "<group>"; };
		27B2C5802BCE630000899713 /* Date+extract.swift */ = {isa = PBXFileReference; lastKnownFileType = sourcecode.swift; path = "Date+extract.swift"; sourceTree = "<group>"; };
		27BA27D72BC7F66D008F3519 /* Colors.swift */ = {isa = PBXFileReference; lastKnownFileType = sourcecode.swift; path = Colors.swift; sourceTree = "<group>"; };
		27BA27D92BC7FDE8008F3519 /* UIColor+themeColors.swift */ = {isa = PBXFileReference; lastKnownFileType = sourcecode.swift; path = "UIColor+themeColors.swift"; sourceTree = "<group>"; };
		27BA27DB2BC80952008F3519 /* UITextField+borders.swift */ = {isa = PBXFileReference; lastKnownFileType = sourcecode.swift; path = "UITextField+borders.swift"; sourceTree = "<group>"; };
		27C0B7A52B9C38B600977074 /* ParkingLevelsEndPoint.swift */ = {isa = PBXFileReference; lastKnownFileType = sourcecode.swift; path = ParkingLevelsEndPoint.swift; sourceTree = "<group>"; };
		27C0B7A72B9C3AEC00977074 /* ParkingLevelsModel.swift */ = {isa = PBXFileReference; lastKnownFileType = sourcecode.swift; path = ParkingLevelsModel.swift; sourceTree = "<group>"; };
		27C0B7AB2B9C448400977074 /* BuildingsEndPoint.swift */ = {isa = PBXFileReference; lastKnownFileType = sourcecode.swift; path = BuildingsEndPoint.swift; sourceTree = "<group>"; };
		27C0B7AD2B9C44F900977074 /* BuildingModel.swift */ = {isa = PBXFileReference; lastKnownFileType = sourcecode.swift; path = BuildingModel.swift; sourceTree = "<group>"; };
		27C6243C2B7C8B17002FFF48 /* LoginViewController.swift */ = {isa = PBXFileReference; lastKnownFileType = sourcecode.swift; path = LoginViewController.swift; sourceTree = "<group>"; };
		27C6243E2B7C8B50002FFF48 /* LoginInteractor.swift */ = {isa = PBXFileReference; lastKnownFileType = sourcecode.swift; path = LoginInteractor.swift; sourceTree = "<group>"; };
		27C624402B7C8B59002FFF48 /* LoginPresenter.swift */ = {isa = PBXFileReference; lastKnownFileType = sourcecode.swift; path = LoginPresenter.swift; sourceTree = "<group>"; };
		27C624422B7C8B63002FFF48 /* LoginModel.swift */ = {isa = PBXFileReference; lastKnownFileType = sourcecode.swift; path = LoginModel.swift; sourceTree = "<group>"; };
		27C624442B7C8B6F002FFF48 /* LoginRouter.swift */ = {isa = PBXFileReference; lastKnownFileType = sourcecode.swift; path = LoginRouter.swift; sourceTree = "<group>"; };
		27C624462B7C8B7E002FFF48 /* LoginProtocols.swift */ = {isa = PBXFileReference; lastKnownFileType = sourcecode.swift; path = LoginProtocols.swift; sourceTree = "<group>"; };
		27C624482B7C8B88002FFF48 /* LoginAssembly.swift */ = {isa = PBXFileReference; lastKnownFileType = sourcecode.swift; path = LoginAssembly.swift; sourceTree = "<group>"; };
		27C6244A2B7C8CC1002FFF48 /* UIViewController+hideKeyboardOnTapAround.swift */ = {isa = PBXFileReference; lastKnownFileType = sourcecode.swift; path = "UIViewController+hideKeyboardOnTapAround.swift"; sourceTree = "<group>"; };
		27C624512B7D01EB002FFF48 /* RegistrationViewController.swift */ = {isa = PBXFileReference; lastKnownFileType = sourcecode.swift; path = RegistrationViewController.swift; sourceTree = "<group>"; };
		27C624532B7D020C002FFF48 /* RegistrationInteractor.swift */ = {isa = PBXFileReference; lastKnownFileType = sourcecode.swift; path = RegistrationInteractor.swift; sourceTree = "<group>"; };
		27C624552B7D0217002FFF48 /* RegistrationPresenter.swift */ = {isa = PBXFileReference; lastKnownFileType = sourcecode.swift; path = RegistrationPresenter.swift; sourceTree = "<group>"; };
		27C624572B7D0223002FFF48 /* RegistrationModel.swift */ = {isa = PBXFileReference; lastKnownFileType = sourcecode.swift; path = RegistrationModel.swift; sourceTree = "<group>"; };
		27C624592B7D022E002FFF48 /* RegistrationRouter.swift */ = {isa = PBXFileReference; lastKnownFileType = sourcecode.swift; path = RegistrationRouter.swift; sourceTree = "<group>"; };
		27C6245B2B7D0239002FFF48 /* RegistrationWorker.swift */ = {isa = PBXFileReference; lastKnownFileType = sourcecode.swift; path = RegistrationWorker.swift; sourceTree = "<group>"; };
		27C6245D2B7D0246002FFF48 /* RegistrationProtocols.swift */ = {isa = PBXFileReference; lastKnownFileType = sourcecode.swift; path = RegistrationProtocols.swift; sourceTree = "<group>"; };
		27C6245F2B7D0251002FFF48 /* RegistrationAssembly.swift */ = {isa = PBXFileReference; lastKnownFileType = sourcecode.swift; path = RegistrationAssembly.swift; sourceTree = "<group>"; };
/* End PBXFileReference section */

/* Begin PBXFrameworksBuildPhase section */
		273C90A32B7BCCB000C73FE8 /* Frameworks */ = {
			isa = PBXFrameworksBuildPhase;
			buildActionMask = 2147483647;
			files = (
			);
			runOnlyForDeploymentPostprocessing = 0;
		};
/* End PBXFrameworksBuildPhase section */

/* Begin PBXGroup section */
		2714138A2BB2ED2A00496D24 /* Enums */ = {
			isa = PBXGroup;
			children = (
				277B37BD2BCAB88500B2A412 /* MapState.swift */,
			);
			path = Enums;
			sourceTree = "<group>";
		};
		272A22F62BB067490025880E /* Views */ = {
			isa = PBXGroup;
			children = (
				272A22F72BB06A750025880E /* MapView.swift */,
			);
			path = Views;
			sourceTree = "<group>";
		};
		272A22F92BB1A31C0025880E /* Enums */ = {
			isa = PBXGroup;
			children = (
				272A22FA2BB1A3380025880E /* HomeState.swift */,
			);
			path = Enums;
			sourceTree = "<group>";
		};
		272A22FC2BB1AAB20025880E /* Enums */ = {
			isa = PBXGroup;
			children = (
				272A22FD2BB1AABE0025880E /* BuildingsState.swift */,
			);
			path = Enums;
			sourceTree = "<group>";
		};
		272B51F42B9C4FB5008F428E /* Profile */ = {
			isa = PBXGroup;
			children = (
				272B51F52B9C4FD8008F428E /* ProfileViewController.swift */,
				272B51F72B9C5006008F428E /* ProfileInteractor.swift */,
				272B51F92B9C5021008F428E /* ProfileWorker.swift */,
				272B51FB2B9C503D008F428E /* ProfilePresenter.swift */,
				272B51FD2B9C5055008F428E /* ProfileModel.swift */,
				272B51FF2B9C5086008F428E /* ProfileRouter.swift */,
				272B52012B9C5099008F428E /* ProfileProtocols.swift */,
				272B52032B9C50AD008F428E /* ProfileAssembly.swift */,
			);
			path = Profile;
			sourceTree = "<group>";
		};
		272B52052B9C5102008F428E /* More */ = {
			isa = PBXGroup;
			children = (
				272B52062B9C5127008F428E /* MoreViewController.swift */,
				272B52082B9C513F008F428E /* MoreInteractor.swift */,
				272B520A2B9C5150008F428E /* MoreWorker.swift */,
				272B520C2B9C5162008F428E /* MorePresenter.swift */,
				272B520E2B9C517A008F428E /* MoreModel.swift */,
				272B52102B9C518C008F428E /* MoreRouter.swift */,
				272B52122B9C51A6008F428E /* MoreProtocols.swift */,
				272B52142B9C51B9008F428E /* MoreAssembly.swift */,
			);
			path = More;
			sourceTree = "<group>";
		};
		272B52162B9C5341008F428E /* Map */ = {
			isa = PBXGroup;
			children = (
				2714138A2BB2ED2A00496D24 /* Enums */,
				272A22F62BB067490025880E /* Views */,
				272B52172B9C539B008F428E /* MapViewController.swift */,
				272B52192B9C53C5008F428E /* MapInteractor.swift */,
				272B521B2B9C53D9008F428E /* MapWorker.swift */,
				272B521D2B9C5408008F428E /* MapPresenter.swift */,
				272B521F2B9C5418008F428E /* MapModel.swift */,
				272B52212B9C542A008F428E /* MapRouter.swift */,
				272B52232B9C5440008F428E /* MapProtocols.swift */,
				272B52252B9C5454008F428E /* MapAssembly.swift */,
			);
			path = Map;
			sourceTree = "<group>";
		};
		273C909D2B7BCCB000C73FE8 = {
			isa = PBXGroup;
			children = (
				273C90A82B7BCCB000C73FE8 /* parking-rental-app */,
				273C90A72B7BCCB000C73FE8 /* Products */,
			);
			sourceTree = "<group>";
		};
		273C90A72B7BCCB000C73FE8 /* Products */ = {
			isa = PBXGroup;
			children = (
				273C90A62B7BCCB000C73FE8 /* parking-rental-app.app */,
			);
			name = Products;
			sourceTree = "<group>";
		};
		273C90A82B7BCCB000C73FE8 /* parking-rental-app */ = {
			isa = PBXGroup;
			children = (
				273C90BD2B7BD0F300C73FE8 /* src */,
				273C90BE2B7BD10A00C73FE8 /* res */,
				273C90B72B7BCCB200C73FE8 /* Info.plist */,
			);
			path = "parking-rental-app";
			sourceTree = "<group>";
		};
		273C90BD2B7BD0F300C73FE8 /* src */ = {
			isa = PBXGroup;
			children = (
				273C90BF2B7BD11F00C73FE8 /* Scenes */,
				27535C772BA47BF7000E48E6 /* Views */,
				273E65F42B88B3E400567BD8 /* Keychain */,
				275E0F062BC6796B00B6E1B3 /* Language */,
				275E0F092BC6869D00B6E1B3 /* Theme */,
				273E65E92B8499BF00567BD8 /* Model */,
				27BA27D62BC7F65A008F3519 /* Colors */,
				273E65D22B8489DE00567BD8 /* Networking */,
				273C90C12B7BD14500C73FE8 /* Delegates */,
				273C90C32B7BD17900C73FE8 /* Extensions */,
			);
			path = src;
			sourceTree = "<group>";
		};
		273C90BE2B7BD10A00C73FE8 /* res */ = {
			isa = PBXGroup;
			children = (
				273C90B22B7BCCB200C73FE8 /* Assets.xcassets */,
				2795FF542BC3EDF80031CEE8 /* Localizable.strings */,
			);
			path = res;
			sourceTree = "<group>";
		};
		273C90BF2B7BD11F00C73FE8 /* Scenes */ = {
			isa = PBXGroup;
			children = (
				273C90C02B7BD13600C73FE8 /* Launch */,
				273E65FD2B88E91900567BD8 /* Splash */,
				273C90C22B7BD16400C73FE8 /* Login */,
				27C624502B7D01D2002FFF48 /* Registration */,
				27C624622B7D0532002FFF48 /* RegistrationCar */,
				27848BEB2B80A68B00542D8C /* Home */,
				27754BE22B99DA420065A14E /* Buildings */,
				272B52162B9C5341008F428E /* Map */,
				2795FF3D2BC04CCC0031CEE8 /* ReservationCard */,
				272B51F42B9C4FB5008F428E /* Profile */,
				27535C762BA33F85000E48E6 /* UpdateCar */,
				272B52052B9C5102008F428E /* More */,
			);
			path = Scenes;
			sourceTree = "<group>";
		};
		273C90C02B7BD13600C73FE8 /* Launch */ = {
			isa = PBXGroup;
			children = (
				273C90B42B7BCCB200C73FE8 /* LaunchScreen.storyboard */,
			);
			path = Launch;
			sourceTree = "<group>";
		};
		273C90C12B7BD14500C73FE8 /* Delegates */ = {
			isa = PBXGroup;
			children = (
				273C90A92B7BCCB000C73FE8 /* AppDelegate.swift */,
				273C90AB2B7BCCB000C73FE8 /* SceneDelegate.swift */,
			);
			path = Delegates;
			sourceTree = "<group>";
		};
		273C90C22B7BD16400C73FE8 /* Login */ = {
			isa = PBXGroup;
			children = (
				277B37B12BCA98C100B2A412 /* Enums */,
				27C6243C2B7C8B17002FFF48 /* LoginViewController.swift */,
				27C6243E2B7C8B50002FFF48 /* LoginInteractor.swift */,
				27C624402B7C8B59002FFF48 /* LoginPresenter.swift */,
				27C624422B7C8B63002FFF48 /* LoginModel.swift */,
				27C624442B7C8B6F002FFF48 /* LoginRouter.swift */,
				27C624462B7C8B7E002FFF48 /* LoginProtocols.swift */,
				27C624482B7C8B88002FFF48 /* LoginAssembly.swift */,
			);
			path = Login;
			sourceTree = "<group>";
		};
		273C90C32B7BD17900C73FE8 /* Extensions */ = {
			isa = PBXGroup;
			children = (
				273C90C42B7BD19900C73FE8 /* UIView+pin.swift */,
				27C6244A2B7C8CC1002FFF48 /* UIViewController+hideKeyboardOnTapAround.swift */,
				2795FF572BC3F68B0031CEE8 /* String+localize.swift */,
				27BA27D92BC7FDE8008F3519 /* UIColor+themeColors.swift */,
				27BA27DB2BC80952008F3519 /* UITextField+borders.swift */,
				27B2C57E2BCE5F7400899713 /* Date+iso8601.swift */,
				27B2C5802BCE630000899713 /* Date+extract.swift */,
			);
			path = Extensions;
			sourceTree = "<group>";
		};
		273E65D22B8489DE00567BD8 /* Networking */ = {
			isa = PBXGroup;
			children = (
				273E65D32B848A0C00567BD8 /* EndPoint */,
				273E65D42B848A1600567BD8 /* Manager */,
				273E65D52B848A1C00567BD8 /* Service */,
				273E65D62B848A2200567BD8 /* Encoding */,
			);
			path = Networking;
			sourceTree = "<group>";
		};
		273E65D32B848A0C00567BD8 /* EndPoint */ = {
			isa = PBXGroup;
			children = (
				273E65F02B86449A00567BD8 /* AuthEndPoint.swift */,
				273E65E72B84969F00567BD8 /* CarsEndPoint.swift */,
				27754BDC2B99A6200065A14E /* ReservationsEndPoint.swift */,
				27754BFE2B9AEDD40065A14E /* ParkingSpotsEndPoint.swift */,
				27C0B7A52B9C38B600977074 /* ParkingLevelsEndPoint.swift */,
				27C0B7AB2B9C448400977074 /* BuildingsEndPoint.swift */,
			);
			path = EndPoint;
			sourceTree = "<group>";
		};
		273E65D42B848A1600567BD8 /* Manager */ = {
			isa = PBXGroup;
			children = (
				273E65EC2B849CBB00567BD8 /* NetworkManager.swift */,
				273E660E2B89155000567BD8 /* AuthManager.swift */,
			);
			path = Manager;
			sourceTree = "<group>";
		};
		273E65D52B848A1C00567BD8 /* Service */ = {
			isa = PBXGroup;
			children = (
				273E65D72B848A9500567BD8 /* EndPointType.swift */,
				273E65D92B848B2D00567BD8 /* HTTPMethod.swift */,
				273E65DB2B848B8300567BD8 /* HTTPTask.swift */,
				273E65E32B84900800567BD8 /* NetworkRouter.swift */,
				273E65E52B8490F500567BD8 /* Router.swift */,
			);
			path = Service;
			sourceTree = "<group>";
		};
		273E65D62B848A2200567BD8 /* Encoding */ = {
			isa = PBXGroup;
			children = (
				273E65DD2B848C5C00567BD8 /* ParameterEncoding.swift */,
				273E65DF2B848D6100567BD8 /* URLParameterEncoder.swift */,
				273E65E12B848F7E00567BD8 /* JSONParameterEncoder.swift */,
			);
			path = Encoding;
			sourceTree = "<group>";
		};
		273E65E92B8499BF00567BD8 /* Model */ = {
			isa = PBXGroup;
			children = (
				273E65F22B86502600567BD8 /* AuthModel.swift */,
				273E65EA2B8499FE00567BD8 /* CarsModel.swift */,
				27754BDE2B99AEF70065A14E /* ReservationsModel.swift */,
				27754C002B9AF0710065A14E /* ParkingSpotsModel.swift */,
				27754C022B9AF13C0065A14E /* CanvasModel.swift */,
				277D6C382B9B0477000B36F9 /* OnCanvasCoordsModel.swift */,
				27C0B7A72B9C3AEC00977074 /* ParkingLevelsModel.swift */,
				27C0B7AD2B9C44F900977074 /* BuildingModel.swift */,
			);
			path = Model;
			sourceTree = "<group>";
		};
		273E65F42B88B3E400567BD8 /* Keychain */ = {
			isa = PBXGroup;
			children = (
				273E65FB2B88C14800567BD8 /* KeychainManager.swift */,
			);
			path = Keychain;
			sourceTree = "<group>";
		};
		273E65FD2B88E91900567BD8 /* Splash */ = {
			isa = PBXGroup;
			children = (
				273E65FE2B88E94900567BD8 /* SplashViewController.swift */,
				273E66002B88E95500567BD8 /* SplashInteractor.swift */,
				273E66082B88E97900567BD8 /* SplashWorker.swift */,
				273E66022B88E95E00567BD8 /* SplashPresenter.swift */,
				273E66042B88E96800567BD8 /* SplashModel.swift */,
				273E66062B88E96E00567BD8 /* SplashRouter.swift */,
				273E660A2B88E98200567BD8 /* SplashProtocols.swift */,
				273E660C2B88E98B00567BD8 /* SplashAssembly.swift */,
			);
			path = Splash;
			sourceTree = "<group>";
		};
		27535C622BA2DD5D000E48E6 /* Views */ = {
			isa = PBXGroup;
			children = (
				27535C632BA2DD6E000E48E6 /* BuildingCell.swift */,
			);
			path = Views;
			sourceTree = "<group>";
		};
		27535C762BA33F85000E48E6 /* UpdateCar */ = {
			isa = PBXGroup;
			children = (
				277B37BA2BCAAEC600B2A412 /* Enums */,
				27535C7B2BA48515000E48E6 /* UpdateCarViewController.swift */,
				27535C7D2BA48525000E48E6 /* UpdateCarInteractor.swift */,
				27535C7F2BA4852E000E48E6 /* UpdateCarWorker.swift */,
				27535C812BA48538000E48E6 /* UpdateCarPresenter.swift */,
				27535C832BA48542000E48E6 /* UpdateCarModel.swift */,
				27535C852BA4854E000E48E6 /* UpdateCarRouter.swift */,
				27535C872BA48555000E48E6 /* UpdateCarProtocols.swift */,
				27535C892BA4855D000E48E6 /* UpdateCarAssembly.swift */,
			);
			path = UpdateCar;
			sourceTree = "<group>";
		};
		27535C772BA47BF7000E48E6 /* Views */ = {
			isa = PBXGroup;
			children = (
				27535C782BA47C0A000E48E6 /* Buttons */,
				27535C8B2BA48C77000E48E6 /* MultipleButtonsCard.swift */,
				2795FD962B8D2C9A00C02FF3 /* TabBar.swift */,
			);
			path = Views;
			sourceTree = "<group>";
		};
		27535C782BA47C0A000E48E6 /* Buttons */ = {
			isa = PBXGroup;
			children = (
				2795FD992B8DA9C100C02FF3 /* TabBarButton.swift */,
				27535C792BA47D5C000E48E6 /* SingleCardButton.swift */,
				27535C8D2BA48E94000E48E6 /* MultipleButtonsCardButton.swift */,
			);
			path = Buttons;
			sourceTree = "<group>";
		};
		275E0F062BC6796B00B6E1B3 /* Language */ = {
			isa = PBXGroup;
			children = (
				2795FF5A2BC3F7A30031CEE8 /* Language.swift */,
			);
			path = Language;
			sourceTree = "<group>";
		};
		275E0F092BC6869D00B6E1B3 /* Theme */ = {
			isa = PBXGroup;
			children = (
				275E0F0A2BC686B200B6E1B3 /* Theme.swift */,
				275E0F0C2BC6872300B6E1B3 /* ThemeManager.swift */,
			);
			path = Theme;
			sourceTree = "<group>";
		};
		27754BE22B99DA420065A14E /* Buildings */ = {
			isa = PBXGroup;
			children = (
				272A22FC2BB1AAB20025880E /* Enums */,
				27535C622BA2DD5D000E48E6 /* Views */,
				27754BE32B99DA740065A14E /* BuildingsViewController.swift */,
				27754BE52B99DA7D0065A14E /* BuildingsInteractor.swift */,
				27754BE72B99DA870065A14E /* BuildingsWorker.swift */,
				27754BE92B99DA900065A14E /* BuildingsPresenter.swift */,
				27754BEB2B99DA990065A14E /* BuildingsModel.swift */,
				27754BED2B99DAA40065A14E /* BuildingsRouter.swift */,
				27754BEF2B99DAAD0065A14E /* BuildingsProtocols.swift */,
				27754BF12B99DAB60065A14E /* BuildingsAssembly.swift */,
			);
			path = Buildings;
			sourceTree = "<group>";
		};
		277B37B12BCA98C100B2A412 /* Enums */ = {
			isa = PBXGroup;
			children = (
				277B37B22BCA98D300B2A412 /* LoginState.swift */,
			);
			path = Enums;
			sourceTree = "<group>";
		};
		277B37B42BCAA3E000B2A412 /* Enums */ = {
			isa = PBXGroup;
			children = (
				277B37B52BCAA3F500B2A412 /* RegistrationState.swift */,
			);
			path = Enums;
			sourceTree = "<group>";
		};
		277B37B72BCAAA0500B2A412 /* Enums */ = {
			isa = PBXGroup;
			children = (
				277B37B82BCAAA3A00B2A412 /* RegistrationCarState.swift */,
			);
			path = Enums;
			sourceTree = "<group>";
		};
		277B37BA2BCAAEC600B2A412 /* Enums */ = {
			isa = PBXGroup;
			children = (
				277B37BB2BCAAED700B2A412 /* UpdateCarState.swift */,
			);
			path = Enums;
			sourceTree = "<group>";
		};
		27848BEB2B80A68B00542D8C /* Home */ = {
			isa = PBXGroup;
			children = (
				272A22F92BB1A31C0025880E /* Enums */,
				2795FD952B8D2C7000C02FF3 /* Views */,
				27848BEC2B80A6F200542D8C /* HomeViewController.swift */,
				27848BEE2B80A70300542D8C /* HomeInteractor.swift */,
				27848BF62B80A73400542D8C /* HomeWorker.swift */,
				27848BF02B80A71100542D8C /* HomePresenter.swift */,
				27848BF22B80A71A00542D8C /* HomeModel.swift */,
				27848BF42B80A72A00542D8C /* HomeRouter.swift */,
				27848BF82B80A73D00542D8C /* HomeProtocols.swift */,
				27848BFA2B80A74600542D8C /* HomeAssembly.swift */,
			);
			path = Home;
			sourceTree = "<group>";
		};
		2795FD952B8D2C7000C02FF3 /* Views */ = {
			isa = PBXGroup;
			children = (
				2795FD982B8DA9B100C02FF3 /* Buttons */,
				27754BF42B99E33D0065A14E /* ReservationCell.swift */,
			);
			path = Views;
			sourceTree = "<group>";
		};
		2795FD982B8DA9B100C02FF3 /* Buttons */ = {
			isa = PBXGroup;
			children = (
				27754BE02B99B7880065A14E /* ProfileLabelButton.swift */,
			);
			path = Buttons;
			sourceTree = "<group>";
		};
		2795FF3D2BC04CCC0031CEE8 /* ReservationCard */ = {
			isa = PBXGroup;
			children = (
				279C53362BCD0FC300AF6EF5 /* Enums */,
				2795FF3E2BC04CEB0031CEE8 /* ReservationCardViewController.swift */,
				2795FF402BC04D3E0031CEE8 /* ReservationCardInteractor.swift */,
				2795FF442BC04D560031CEE8 /* ReservationCardWorker.swift */,
				2795FF422BC04D4C0031CEE8 /* ReservationCardPresenter.swift */,
				2795FF462BC04D620031CEE8 /* ReservationCardModel.swift */,
				2795FF482BC04D6E0031CEE8 /* ReservationCardRouter.swift */,
				2795FF4A2BC04D7A0031CEE8 /* ReservationCardProtocols.swift */,
				2795FF4C2BC04D850031CEE8 /* ReservationCardAssembly.swift */,
			);
			path = ReservationCard;
			sourceTree = "<group>";
		};
		279C53362BCD0FC300AF6EF5 /* Enums */ = {
			isa = PBXGroup;
			children = (
				279C53372BCD0FE900AF6EF5 /* ReservationCardState.swift */,
				279C53392BCD2A3100AF6EF5 /* ReservationCardSpotState.swift */,
			);
			path = Enums;
			sourceTree = "<group>";
		};
		27BA27D62BC7F65A008F3519 /* Colors */ = {
			isa = PBXGroup;
			children = (
				27BA27D72BC7F66D008F3519 /* Colors.swift */,
			);
			path = Colors;
			sourceTree = "<group>";
		};
		27C624502B7D01D2002FFF48 /* Registration */ = {
			isa = PBXGroup;
			children = (
				277B37B42BCAA3E000B2A412 /* Enums */,
				27C624512B7D01EB002FFF48 /* RegistrationViewController.swift */,
				27C624532B7D020C002FFF48 /* RegistrationInteractor.swift */,
				27C6245B2B7D0239002FFF48 /* RegistrationWorker.swift */,
				27C624552B7D0217002FFF48 /* RegistrationPresenter.swift */,
				27C624572B7D0223002FFF48 /* RegistrationModel.swift */,
				27C624592B7D022E002FFF48 /* RegistrationRouter.swift */,
				27C6245D2B7D0246002FFF48 /* RegistrationProtocols.swift */,
				27C6245F2B7D0251002FFF48 /* RegistrationAssembly.swift */,
			);
			path = Registration;
			sourceTree = "<group>";
		};
		27C624622B7D0532002FFF48 /* RegistrationCar */ = {
			isa = PBXGroup;
			children = (
				277B37B72BCAAA0500B2A412 /* Enums */,
				27848BDB2B80A44B00542D8C /* RegistrationCarViewController.swift */,
				27848BDD2B80A45700542D8C /* RegistrationCarInteractor.swift */,
				27848BE52B80A47E00542D8C /* RegistrationCarWorker.swift */,
				27848BDF2B80A46300542D8C /* RegistrationCarPresenter.swift */,
				27848BE12B80A46E00542D8C /* RegistrationCarModel.swift */,
				27848BE32B80A47600542D8C /* RegistrationCarRouter.swift */,
				27848BE72B80A48600542D8C /* RegistrationCarProtocols.swift */,
				27848BE92B80A48E00542D8C /* RegistrationCarAssembly.swift */,
			);
			path = RegistrationCar;
			sourceTree = "<group>";
		};
/* End PBXGroup section */

/* Begin PBXNativeTarget section */
		273C90A52B7BCCB000C73FE8 /* parking-rental-app */ = {
			isa = PBXNativeTarget;
			buildConfigurationList = 273C90BA2B7BCCB200C73FE8 /* Build configuration list for PBXNativeTarget "parking-rental-app" */;
			buildPhases = (
				273C90A22B7BCCB000C73FE8 /* Sources */,
				273C90A32B7BCCB000C73FE8 /* Frameworks */,
				273C90A42B7BCCB000C73FE8 /* Resources */,
			);
			buildRules = (
			);
			dependencies = (
			);
			name = "parking-rental-app";
			productName = "parking-rental-app";
			productReference = 273C90A62B7BCCB000C73FE8 /* parking-rental-app.app */;
			productType = "com.apple.product-type.application";
		};
/* End PBXNativeTarget section */

/* Begin PBXProject section */
		273C909E2B7BCCB000C73FE8 /* Project object */ = {
			isa = PBXProject;
			attributes = {
				BuildIndependentTargetsInParallel = 1;
				LastSwiftUpdateCheck = 1420;
				LastUpgradeCheck = 1420;
				TargetAttributes = {
					273C90A52B7BCCB000C73FE8 = {
						CreatedOnToolsVersion = 14.2;
					};
				};
			};
			buildConfigurationList = 273C90A12B7BCCB000C73FE8 /* Build configuration list for PBXProject "parking-rental-app" */;
			compatibilityVersion = "Xcode 14.0";
			developmentRegion = en;
			hasScannedForEncodings = 0;
			knownRegions = (
				en,
				Base,
				ru,
			);
			mainGroup = 273C909D2B7BCCB000C73FE8;
			productRefGroup = 273C90A72B7BCCB000C73FE8 /* Products */;
			projectDirPath = "";
			projectRoot = "";
			targets = (
				273C90A52B7BCCB000C73FE8 /* parking-rental-app */,
			);
		};
/* End PBXProject section */

/* Begin PBXResourcesBuildPhase section */
		273C90A42B7BCCB000C73FE8 /* Resources */ = {
			isa = PBXResourcesBuildPhase;
			buildActionMask = 2147483647;
			files = (
				273C90B62B7BCCB200C73FE8 /* LaunchScreen.storyboard in Resources */,
				2795FF522BC3EDF80031CEE8 /* Localizable.strings in Resources */,
				273C90B32B7BCCB200C73FE8 /* Assets.xcassets in Resources */,
			);
			runOnlyForDeploymentPostprocessing = 0;
		};
/* End PBXResourcesBuildPhase section */

/* Begin PBXSourcesBuildPhase section */
		273C90A22B7BCCB000C73FE8 /* Sources */ = {
			isa = PBXSourcesBuildPhase;
			buildActionMask = 2147483647;
			files = (
				27535C7C2BA48515000E48E6 /* UpdateCarViewController.swift in Sources */,
				277D6C392B9B0477000B36F9 /* OnCanvasCoordsModel.swift in Sources */,
				27C624602B7D0251002FFF48 /* RegistrationAssembly.swift in Sources */,
				277B37B32BCA98D300B2A412 /* LoginState.swift in Sources */,
				272B521C2B9C53D9008F428E /* MapWorker.swift in Sources */,
				2795FF5B2BC3F7A30031CEE8 /* Language.swift in Sources */,
				27754C032B9AF13C0065A14E /* CanvasModel.swift in Sources */,
				277B37B92BCAAA3A00B2A412 /* RegistrationCarState.swift in Sources */,
				27535C7A2BA47D5C000E48E6 /* SingleCardButton.swift in Sources */,
				27848BEF2B80A70300542D8C /* HomeInteractor.swift in Sources */,
				2795FD9A2B8DA9C100C02FF3 /* TabBarButton.swift in Sources */,
				27754BE12B99B7880065A14E /* ProfileLabelButton.swift in Sources */,
				27535C882BA48555000E48E6 /* UpdateCarProtocols.swift in Sources */,
				27C6245E2B7D0246002FFF48 /* RegistrationProtocols.swift in Sources */,
				2795FF472BC04D620031CEE8 /* ReservationCardModel.swift in Sources */,
				27C624472B7C8B7E002FFF48 /* LoginProtocols.swift in Sources */,
				272B51F62B9C4FD8008F428E /* ProfileViewController.swift in Sources */,
				273E65E82B84969F00567BD8 /* CarsEndPoint.swift in Sources */,
				2795FF492BC04D6E0031CEE8 /* ReservationCardRouter.swift in Sources */,
				273E660B2B88E98200567BD8 /* SplashProtocols.swift in Sources */,
				27535C862BA4854E000E48E6 /* UpdateCarRouter.swift in Sources */,
				2795FF4B2BC04D7A0031CEE8 /* ReservationCardProtocols.swift in Sources */,
				27535C802BA4852E000E48E6 /* UpdateCarWorker.swift in Sources */,
				272A22FB2BB1A3380025880E /* HomeState.swift in Sources */,
				277B37B62BCAA3F500B2A412 /* RegistrationState.swift in Sources */,
				275E0F0D2BC6872300B6E1B3 /* ThemeManager.swift in Sources */,
				27754BE82B99DA870065A14E /* BuildingsWorker.swift in Sources */,
				27848BED2B80A6F200542D8C /* HomeViewController.swift in Sources */,
				2795FD972B8D2C9A00C02FF3 /* TabBar.swift in Sources */,
				272A22FE2BB1AABE0025880E /* BuildingsState.swift in Sources */,
				273E65FF2B88E94900567BD8 /* SplashViewController.swift in Sources */,
				273E66012B88E95500567BD8 /* SplashInteractor.swift in Sources */,
				27C624562B7D0217002FFF48 /* RegistrationPresenter.swift in Sources */,
				273E660F2B89155000567BD8 /* AuthManager.swift in Sources */,
				273E65F32B86502600567BD8 /* AuthModel.swift in Sources */,
				272B52002B9C5086008F428E /* ProfileRouter.swift in Sources */,
				27754BEC2B99DA990065A14E /* BuildingsModel.swift in Sources */,
				272B520D2B9C5162008F428E /* MorePresenter.swift in Sources */,
				27754BE42B99DA740065A14E /* BuildingsViewController.swift in Sources */,
				2795FF412BC04D3E0031CEE8 /* ReservationCardInteractor.swift in Sources */,
				27C6245A2B7D022E002FFF48 /* RegistrationRouter.swift in Sources */,
				272B52222B9C542A008F428E /* MapRouter.swift in Sources */,
				27C624492B7C8B88002FFF48 /* LoginAssembly.swift in Sources */,
				27BA27D82BC7F66D008F3519 /* Colors.swift in Sources */,
				272B51FA2B9C5021008F428E /* ProfileWorker.swift in Sources */,
				272B52112B9C518C008F428E /* MoreRouter.swift in Sources */,
				272B52092B9C513F008F428E /* MoreInteractor.swift in Sources */,
				27754BEA2B99DA900065A14E /* BuildingsPresenter.swift in Sources */,
				2795FF582BC3F68B0031CEE8 /* String+localize.swift in Sources */,
				27535C8C2BA48C77000E48E6 /* MultipleButtonsCard.swift in Sources */,
				27848BF12B80A71100542D8C /* HomePresenter.swift in Sources */,
				27C624412B7C8B59002FFF48 /* LoginPresenter.swift in Sources */,
				272B52182B9C539B008F428E /* MapViewController.swift in Sources */,
				273E65FC2B88C14800567BD8 /* KeychainManager.swift in Sources */,
				273E66072B88E96E00567BD8 /* SplashRouter.swift in Sources */,
				277B37BE2BCAB88500B2A412 /* MapState.swift in Sources */,
				27C624432B7C8B63002FFF48 /* LoginModel.swift in Sources */,
				273E66092B88E97900567BD8 /* SplashWorker.swift in Sources */,
				27535C642BA2DD6E000E48E6 /* BuildingCell.swift in Sources */,
				2795FF432BC04D4C0031CEE8 /* ReservationCardPresenter.swift in Sources */,
				27C0B7A62B9C38B600977074 /* ParkingLevelsEndPoint.swift in Sources */,
				273E65E62B8490F500567BD8 /* Router.swift in Sources */,
				27C624522B7D01EB002FFF48 /* RegistrationViewController.swift in Sources */,
				27C6243D2B7C8B17002FFF48 /* LoginViewController.swift in Sources */,
				27535C822BA48538000E48E6 /* UpdateCarPresenter.swift in Sources */,
				27BA27DC2BC80952008F3519 /* UITextField+borders.swift in Sources */,
				273E65E42B84900800567BD8 /* NetworkRouter.swift in Sources */,
				273E65DC2B848B8300567BD8 /* HTTPTask.swift in Sources */,
				272B52242B9C5440008F428E /* MapProtocols.swift in Sources */,
				27848BFB2B80A74600542D8C /* HomeAssembly.swift in Sources */,
				27848BE42B80A47600542D8C /* RegistrationCarRouter.swift in Sources */,
				273E66032B88E95E00567BD8 /* SplashPresenter.swift in Sources */,
				272B520B2B9C5150008F428E /* MoreWorker.swift in Sources */,
				272B52042B9C50AD008F428E /* ProfileAssembly.swift in Sources */,
				27C0B7AE2B9C44F900977074 /* BuildingModel.swift in Sources */,
				27848BE82B80A48600542D8C /* RegistrationCarProtocols.swift in Sources */,
				272B51F82B9C5006008F428E /* ProfileInteractor.swift in Sources */,
				272B521A2B9C53C5008F428E /* MapInteractor.swift in Sources */,
				27C6245C2B7D0239002FFF48 /* RegistrationWorker.swift in Sources */,
				273E65DA2B848B2E00567BD8 /* HTTPMethod.swift in Sources */,
				27848BE62B80A47E00542D8C /* RegistrationCarWorker.swift in Sources */,
				27848BEA2B80A48E00542D8C /* RegistrationCarAssembly.swift in Sources */,
				273C90C52B7BD19900C73FE8 /* UIView+pin.swift in Sources */,
				272B52072B9C5127008F428E /* MoreViewController.swift in Sources */,
				273E65E02B848D6100567BD8 /* URLParameterEncoder.swift in Sources */,
				27C0B7AC2B9C448400977074 /* BuildingsEndPoint.swift in Sources */,
				27848BF72B80A73400542D8C /* HomeWorker.swift in Sources */,
				273E65EB2B8499FE00567BD8 /* CarsModel.swift in Sources */,
				27535C842BA48542000E48E6 /* UpdateCarModel.swift in Sources */,
				272B52132B9C51A6008F428E /* MoreProtocols.swift in Sources */,
				272B52262B9C5454008F428E /* MapAssembly.swift in Sources */,
				273C90AA2B7BCCB000C73FE8 /* AppDelegate.swift in Sources */,
				272B51FC2B9C503D008F428E /* ProfilePresenter.swift in Sources */,
				273E65F12B86449B00567BD8 /* AuthEndPoint.swift in Sources */,
				27C6243F2B7C8B50002FFF48 /* LoginInteractor.swift in Sources */,
				27535C8E2BA48E94000E48E6 /* MultipleButtonsCardButton.swift in Sources */,
				27535C7E2BA48525000E48E6 /* UpdateCarInteractor.swift in Sources */,
				27848BF52B80A72A00542D8C /* HomeRouter.swift in Sources */,
				27C624452B7C8B6F002FFF48 /* LoginRouter.swift in Sources */,
				27848BE02B80A46300542D8C /* RegistrationCarPresenter.swift in Sources */,
				273E66052B88E96800567BD8 /* SplashModel.swift in Sources */,
				273C90AC2B7BCCB000C73FE8 /* SceneDelegate.swift in Sources */,
				2795FF3F2BC04CEB0031CEE8 /* ReservationCardViewController.swift in Sources */,
				272B52152B9C51B9008F428E /* MoreAssembly.swift in Sources */,
				273E65ED2B849CBB00567BD8 /* NetworkManager.swift in Sources */,
				27C624542B7D020C002FFF48 /* RegistrationInteractor.swift in Sources */,
				272B52202B9C5418008F428E /* MapModel.swift in Sources */,
				2795FF452BC04D560031CEE8 /* ReservationCardWorker.swift in Sources */,
				27848BF32B80A71A00542D8C /* HomeModel.swift in Sources */,
				27754BF02B99DAAD0065A14E /* BuildingsProtocols.swift in Sources */,
				27B2C5812BCE630000899713 /* Date+extract.swift in Sources */,
				27754C012B9AF0710065A14E /* ParkingSpotsModel.swift in Sources */,
				272B520F2B9C517A008F428E /* MoreModel.swift in Sources */,
				27B2C57F2BCE5F7400899713 /* Date+iso8601.swift in Sources */,
				27848BE22B80A46E00542D8C /* RegistrationCarModel.swift in Sources */,
				272A22F82BB06A750025880E /* MapView.swift in Sources */,
				279C53382BCD0FE900AF6EF5 /* ReservationCardState.swift in Sources */,
				27848BDC2B80A44B00542D8C /* RegistrationCarViewController.swift in Sources */,
				27754BFF2B9AEDD40065A14E /* ParkingSpotsEndPoint.swift in Sources */,
				279C533A2BCD2A3100AF6EF5 /* ReservationCardSpotState.swift in Sources */,
				277B37BC2BCAAED700B2A412 /* UpdateCarState.swift in Sources */,
				272B52022B9C5099008F428E /* ProfileProtocols.swift in Sources */,
				27C6244B2B7C8CC1002FFF48 /* UIViewController+hideKeyboardOnTapAround.swift in Sources */,
				273E65E22B848F7E00567BD8 /* JSONParameterEncoder.swift in Sources */,
				2795FF4D2BC04D850031CEE8 /* ReservationCardAssembly.swift in Sources */,
				273E65D82B848A9500567BD8 /* EndPointType.swift in Sources */,
				27C0B7A82B9C3AEC00977074 /* ParkingLevelsModel.swift in Sources */,
				27754BF22B99DAB60065A14E /* BuildingsAssembly.swift in Sources */,
				273E660D2B88E98B00567BD8 /* SplashAssembly.swift in Sources */,
				272B51FE2B9C5055008F428E /* ProfileModel.swift in Sources */,
				27C624582B7D0223002FFF48 /* RegistrationModel.swift in Sources */,
				27535C8A2BA4855D000E48E6 /* UpdateCarAssembly.swift in Sources */,
				273E65DE2B848C5C00567BD8 /* ParameterEncoding.swift in Sources */,
				27754BE62B99DA7D0065A14E /* BuildingsInteractor.swift in Sources */,
				27754BF52B99E33D0065A14E /* ReservationCell.swift in Sources */,
				27754BEE2B99DAA40065A14E /* BuildingsRouter.swift in Sources */,
				27848BF92B80A73D00542D8C /* HomeProtocols.swift in Sources */,
				27BA27DA2BC7FDE8008F3519 /* UIColor+themeColors.swift in Sources */,
				27754BDF2B99AEF70065A14E /* ReservationsModel.swift in Sources */,
				27848BDE2B80A45700542D8C /* RegistrationCarInteractor.swift in Sources */,
				275E0F0B2BC686B200B6E1B3 /* Theme.swift in Sources */,
				272B521E2B9C5408008F428E /* MapPresenter.swift in Sources */,
				27754BDD2B99A6200065A14E /* ReservationsEndPoint.swift in Sources */,
			);
			runOnlyForDeploymentPostprocessing = 0;
		};
/* End PBXSourcesBuildPhase section */

/* Begin PBXVariantGroup section */
		273C90B42B7BCCB200C73FE8 /* LaunchScreen.storyboard */ = {
			isa = PBXVariantGroup;
			children = (
				273C90B52B7BCCB200C73FE8 /* Base */,
				2795FF552BC3EE990031CEE8 /* ru */,
				275E0F082BC6846700B6E1B3 /* en */,
			);
			name = LaunchScreen.storyboard;
			sourceTree = "<group>";
		};
		2795FF542BC3EDF80031CEE8 /* Localizable.strings */ = {
			isa = PBXVariantGroup;
			children = (
				2795FF532BC3EDF80031CEE8 /* en */,
				2795FF562BC3EE9A0031CEE8 /* ru */,
			);
			name = Localizable.strings;
			sourceTree = "<group>";
		};
/* End PBXVariantGroup section */

/* Begin XCBuildConfiguration section */
		273C90B82B7BCCB200C73FE8 /* Debug */ = {
			isa = XCBuildConfiguration;
			buildSettings = {
				ALWAYS_SEARCH_USER_PATHS = NO;
				CLANG_ANALYZER_LOCALIZABILITY_NONLOCALIZED = YES;
				CLANG_ANALYZER_NONNULL = YES;
				CLANG_ANALYZER_NUMBER_OBJECT_CONVERSION = YES_AGGRESSIVE;
				CLANG_CXX_LANGUAGE_STANDARD = "gnu++20";
				CLANG_ENABLE_MODULES = YES;
				CLANG_ENABLE_OBJC_ARC = YES;
				CLANG_ENABLE_OBJC_WEAK = YES;
				CLANG_WARN_BLOCK_CAPTURE_AUTORELEASING = YES;
				CLANG_WARN_BOOL_CONVERSION = YES;
				CLANG_WARN_COMMA = YES;
				CLANG_WARN_CONSTANT_CONVERSION = YES;
				CLANG_WARN_DEPRECATED_OBJC_IMPLEMENTATIONS = YES;
				CLANG_WARN_DIRECT_OBJC_ISA_USAGE = YES_ERROR;
				CLANG_WARN_DOCUMENTATION_COMMENTS = YES;
				CLANG_WARN_EMPTY_BODY = YES;
				CLANG_WARN_ENUM_CONVERSION = YES;
				CLANG_WARN_INFINITE_RECURSION = YES;
				CLANG_WARN_INT_CONVERSION = YES;
				CLANG_WARN_NON_LITERAL_NULL_CONVERSION = YES;
				CLANG_WARN_OBJC_IMPLICIT_RETAIN_SELF = YES;
				CLANG_WARN_OBJC_LITERAL_CONVERSION = YES;
				CLANG_WARN_OBJC_ROOT_CLASS = YES_ERROR;
				CLANG_WARN_QUOTED_INCLUDE_IN_FRAMEWORK_HEADER = YES;
				CLANG_WARN_RANGE_LOOP_ANALYSIS = YES;
				CLANG_WARN_STRICT_PROTOTYPES = YES;
				CLANG_WARN_SUSPICIOUS_MOVE = YES;
				CLANG_WARN_UNGUARDED_AVAILABILITY = YES_AGGRESSIVE;
				CLANG_WARN_UNREACHABLE_CODE = YES;
				CLANG_WARN__DUPLICATE_METHOD_MATCH = YES;
				COPY_PHASE_STRIP = NO;
				DEBUG_INFORMATION_FORMAT = dwarf;
				ENABLE_STRICT_OBJC_MSGSEND = YES;
				ENABLE_TESTABILITY = YES;
				GCC_C_LANGUAGE_STANDARD = gnu11;
				GCC_DYNAMIC_NO_PIC = NO;
				GCC_NO_COMMON_BLOCKS = YES;
				GCC_OPTIMIZATION_LEVEL = 0;
				GCC_PREPROCESSOR_DEFINITIONS = (
					"DEBUG=1",
					"$(inherited)",
				);
				GCC_WARN_64_TO_32_BIT_CONVERSION = YES;
				GCC_WARN_ABOUT_RETURN_TYPE = YES_ERROR;
				GCC_WARN_UNDECLARED_SELECTOR = YES;
				GCC_WARN_UNINITIALIZED_AUTOS = YES_AGGRESSIVE;
				GCC_WARN_UNUSED_FUNCTION = YES;
				GCC_WARN_UNUSED_VARIABLE = YES;
				IPHONEOS_DEPLOYMENT_TARGET = 16.2;
				MTL_ENABLE_DEBUG_INFO = INCLUDE_SOURCE;
				MTL_FAST_MATH = YES;
				ONLY_ACTIVE_ARCH = YES;
				SDKROOT = iphoneos;
				SWIFT_ACTIVE_COMPILATION_CONDITIONS = DEBUG;
				SWIFT_OPTIMIZATION_LEVEL = "-Onone";
			};
			name = Debug;
		};
		273C90B92B7BCCB200C73FE8 /* Release */ = {
			isa = XCBuildConfiguration;
			buildSettings = {
				ALWAYS_SEARCH_USER_PATHS = NO;
				CLANG_ANALYZER_LOCALIZABILITY_NONLOCALIZED = YES;
				CLANG_ANALYZER_NONNULL = YES;
				CLANG_ANALYZER_NUMBER_OBJECT_CONVERSION = YES_AGGRESSIVE;
				CLANG_CXX_LANGUAGE_STANDARD = "gnu++20";
				CLANG_ENABLE_MODULES = YES;
				CLANG_ENABLE_OBJC_ARC = YES;
				CLANG_ENABLE_OBJC_WEAK = YES;
				CLANG_WARN_BLOCK_CAPTURE_AUTORELEASING = YES;
				CLANG_WARN_BOOL_CONVERSION = YES;
				CLANG_WARN_COMMA = YES;
				CLANG_WARN_CONSTANT_CONVERSION = YES;
				CLANG_WARN_DEPRECATED_OBJC_IMPLEMENTATIONS = YES;
				CLANG_WARN_DIRECT_OBJC_ISA_USAGE = YES_ERROR;
				CLANG_WARN_DOCUMENTATION_COMMENTS = YES;
				CLANG_WARN_EMPTY_BODY = YES;
				CLANG_WARN_ENUM_CONVERSION = YES;
				CLANG_WARN_INFINITE_RECURSION = YES;
				CLANG_WARN_INT_CONVERSION = YES;
				CLANG_WARN_NON_LITERAL_NULL_CONVERSION = YES;
				CLANG_WARN_OBJC_IMPLICIT_RETAIN_SELF = YES;
				CLANG_WARN_OBJC_LITERAL_CONVERSION = YES;
				CLANG_WARN_OBJC_ROOT_CLASS = YES_ERROR;
				CLANG_WARN_QUOTED_INCLUDE_IN_FRAMEWORK_HEADER = YES;
				CLANG_WARN_RANGE_LOOP_ANALYSIS = YES;
				CLANG_WARN_STRICT_PROTOTYPES = YES;
				CLANG_WARN_SUSPICIOUS_MOVE = YES;
				CLANG_WARN_UNGUARDED_AVAILABILITY = YES_AGGRESSIVE;
				CLANG_WARN_UNREACHABLE_CODE = YES;
				CLANG_WARN__DUPLICATE_METHOD_MATCH = YES;
				COPY_PHASE_STRIP = NO;
				DEBUG_INFORMATION_FORMAT = "dwarf-with-dsym";
				ENABLE_NS_ASSERTIONS = NO;
				ENABLE_STRICT_OBJC_MSGSEND = YES;
				GCC_C_LANGUAGE_STANDARD = gnu11;
				GCC_NO_COMMON_BLOCKS = YES;
				GCC_WARN_64_TO_32_BIT_CONVERSION = YES;
				GCC_WARN_ABOUT_RETURN_TYPE = YES_ERROR;
				GCC_WARN_UNDECLARED_SELECTOR = YES;
				GCC_WARN_UNINITIALIZED_AUTOS = YES_AGGRESSIVE;
				GCC_WARN_UNUSED_FUNCTION = YES;
				GCC_WARN_UNUSED_VARIABLE = YES;
				IPHONEOS_DEPLOYMENT_TARGET = 16.2;
				MTL_ENABLE_DEBUG_INFO = NO;
				MTL_FAST_MATH = YES;
				SDKROOT = iphoneos;
				SWIFT_COMPILATION_MODE = wholemodule;
				SWIFT_OPTIMIZATION_LEVEL = "-O";
				VALIDATE_PRODUCT = YES;
			};
			name = Release;
		};
		273C90BB2B7BCCB200C73FE8 /* Debug */ = {
			isa = XCBuildConfiguration;
			buildSettings = {
				ASSETCATALOG_COMPILER_APPICON_NAME = AppIcon;
				ASSETCATALOG_COMPILER_GLOBAL_ACCENT_COLOR_NAME = AccentColor;
				ASSETCATALOG_COMPILER_INCLUDE_ALL_APPICON_ASSETS = YES;
				CODE_SIGN_STYLE = Automatic;
				CURRENT_PROJECT_VERSION = 1;
				GENERATE_INFOPLIST_FILE = YES;
				INFOPLIST_FILE = "parking-rental-app/Info.plist";
				INFOPLIST_KEY_CFBundleDisplayName = Parking;
				INFOPLIST_KEY_UIApplicationSupportsIndirectInputEvents = YES;
				INFOPLIST_KEY_UILaunchStoryboardName = LaunchScreen.storyboard;
				INFOPLIST_KEY_UISupportedInterfaceOrientations = UIInterfaceOrientationPortrait;
				INFOPLIST_KEY_UISupportedInterfaceOrientations_iPad = "UIInterfaceOrientationLandscapeLeft UIInterfaceOrientationLandscapeRight UIInterfaceOrientationPortrait";
				LD_RUNPATH_SEARCH_PATHS = (
					"$(inherited)",
					"@executable_path/Frameworks",
				);
				MARKETING_VERSION = 1.0;
				PRODUCT_BUNDLE_IDENTIFIER = "com.foxfromfuture.parking-rental-app";
				PRODUCT_NAME = "$(TARGET_NAME)";
				SUPPORTED_PLATFORMS = "iphoneos iphonesimulator";
				SUPPORTS_MACCATALYST = NO;
				SUPPORTS_MAC_DESIGNED_FOR_IPHONE_IPAD = YES;
				SWIFT_EMIT_LOC_STRINGS = YES;
				SWIFT_VERSION = 5.0;
				TARGETED_DEVICE_FAMILY = 1;
			};
			name = Debug;
		};
		273C90BC2B7BCCB200C73FE8 /* Release */ = {
			isa = XCBuildConfiguration;
			buildSettings = {
				ASSETCATALOG_COMPILER_APPICON_NAME = AppIcon;
				ASSETCATALOG_COMPILER_GLOBAL_ACCENT_COLOR_NAME = AccentColor;
				ASSETCATALOG_COMPILER_INCLUDE_ALL_APPICON_ASSETS = YES;
				CODE_SIGN_STYLE = Automatic;
				CURRENT_PROJECT_VERSION = 1;
				GENERATE_INFOPLIST_FILE = YES;
				INFOPLIST_FILE = "parking-rental-app/Info.plist";
				INFOPLIST_KEY_CFBundleDisplayName = Parking;
				INFOPLIST_KEY_UIApplicationSupportsIndirectInputEvents = YES;
				INFOPLIST_KEY_UILaunchStoryboardName = LaunchScreen.storyboard;
				INFOPLIST_KEY_UISupportedInterfaceOrientations = UIInterfaceOrientationPortrait;
				INFOPLIST_KEY_UISupportedInterfaceOrientations_iPad = "UIInterfaceOrientationLandscapeLeft UIInterfaceOrientationLandscapeRight UIInterfaceOrientationPortrait";
				LD_RUNPATH_SEARCH_PATHS = (
					"$(inherited)",
					"@executable_path/Frameworks",
				);
				MARKETING_VERSION = 1.0;
				PRODUCT_BUNDLE_IDENTIFIER = "com.foxfromfuture.parking-rental-app";
				PRODUCT_NAME = "$(TARGET_NAME)";
				SUPPORTED_PLATFORMS = "iphoneos iphonesimulator";
				SUPPORTS_MACCATALYST = NO;
				SUPPORTS_MAC_DESIGNED_FOR_IPHONE_IPAD = YES;
				SWIFT_EMIT_LOC_STRINGS = YES;
				SWIFT_VERSION = 5.0;
				TARGETED_DEVICE_FAMILY = 1;
			};
			name = Release;
		};
/* End XCBuildConfiguration section */

/* Begin XCConfigurationList section */
		273C90A12B7BCCB000C73FE8 /* Build configuration list for PBXProject "parking-rental-app" */ = {
			isa = XCConfigurationList;
			buildConfigurations = (
				273C90B82B7BCCB200C73FE8 /* Debug */,
				273C90B92B7BCCB200C73FE8 /* Release */,
			);
			defaultConfigurationIsVisible = 0;
			defaultConfigurationName = Release;
		};
		273C90BA2B7BCCB200C73FE8 /* Build configuration list for PBXNativeTarget "parking-rental-app" */ = {
			isa = XCConfigurationList;
			buildConfigurations = (
				273C90BB2B7BCCB200C73FE8 /* Debug */,
				273C90BC2B7BCCB200C73FE8 /* Release */,
			);
			defaultConfigurationIsVisible = 0;
			defaultConfigurationName = Release;
		};
/* End XCConfigurationList section */
	};
	rootObject = 273C909E2B7BCCB000C73FE8 /* Project object */;
}
